
Microsoft Visual Studio Solution File, Format Version 12.00
# Visual Studio Version 16
VisualStudioVersion = 16.0.31129.286
MinimumVisualStudioVersion = 10.0.40219.1
Project("{FAE04EC0-301F-11D3-BF4B-00C04F79EFBC}") = "DotEngine.Config", "Dot.Config\DotEngine.Config\DotEngine.Config.csproj", "{1B8E7C62-BBC5-4193-AA97-7DB1249B9CD4}"
EndProject
Project("{2150E333-8FDC-42A3-9474-1A3956D46DE8}") = "Config", "Config", "{12C7CE4B-4207-471E-BD25-FB77B62B839F}"
EndProject
Project("{FAE04EC0-301F-11D3-BF4B-00C04F79EFBC}") = "DotEditor.Config", "Dot.Config\DotEditor.Config\DotEditor.Config.csproj", "{E8EE1828-9513-4713-A5CF-28EAA91D93D6}"
EndProject
Project("{2150E333-8FDC-42A3-9474-1A3956D46DE8}") = "Context", "Context", "{6C7240F3-7FE6-414B-9414-C86A4E46A47A}"
EndProject
Project("{FAE04EC0-301F-11D3-BF4B-00C04F79EFBC}") = "DotEngine.Context", "Dot.Context\DotEngine.Context\DotEngine.Context.csproj", "{7E485365-C9E2-492E-8125-EE94B56CF6AD}"
EndProject
Project("{2150E333-8FDC-42A3-9474-1A3956D46DE8}") = "Core", "Core", "{D9BB57A0-A6C8-49D1-8F59-F190DC3AE155}"
EndProject
Project("{FAE04EC0-301F-11D3-BF4B-00C04F79EFBC}") = "DotEngine.Core", "Dot.Core\DotEngine.Core\DotEngine.Core.csproj", "{D2C6940E-4C1F-4797-AB59-2C032E8329C8}"
EndProject
Project("{FAE04EC0-301F-11D3-BF4B-00C04F79EFBC}") = "DotEditor.Core", "Dot.Core\DotEditor.Core\DotEditor.Core.csproj", "{A1AF8426-BF0E-4B87-B292-44B958BA5CB7}"
EndProject
Project("{2150E333-8FDC-42A3-9474-1A3956D46DE8}") = "AI", "AI", "{5622FD0A-723B-4FDD-B0AA-700897EE9207}"
EndProject
Project("{FAE04EC0-301F-11D3-BF4B-00C04F79EFBC}") = "DotEngine.AI", "Dot.AI\DotEngine.AI\DotEngine.AI.csproj", "{2182D910-A9FC-457F-A5E8-8A0447D03CA0}"
EndProject
Project("{FAE04EC0-301F-11D3-BF4B-00C04F79EFBC}") = "DotEditor.AI", "Dot.AI\DotEditor.AI\DotEditor.AI.csproj", "{A169667F-0F8B-44AB-AF4F-A34651F27EBD}"
EndProject
Project("{2150E333-8FDC-42A3-9474-1A3956D46DE8}") = "Tools", "Tools", "{EABD7FA4-3AC7-4698-8F78-B1DF5F030022}"
EndProject
Project("{FAE04EC0-301F-11D3-BF4B-00C04F79EFBC}") = "DotTool.ScriptGenerate", "Dot.Tools\DotTool.ScriptGenerate\DotTool.ScriptGenerate.csproj", "{4CDB9146-B4C5-47AD-AD90-9BDEDDA1DF80}"
EndProject
Project("{2150E333-8FDC-42A3-9474-1A3956D46DE8}") = "Depends", "Depends", "{38DE93B0-738F-455F-9C71-142B71D8C1BA}"
EndProject
Project("{FAE04EC0-301F-11D3-BF4B-00C04F79EFBC}") = "ObjectDumper", "Dot.Depends\ObjectDumper\ObjectDumper.csproj", "{EFE3AD4B-A5B5-42D0-8DE6-C4E083F47BBF}"
EndProject
Project("{FAE04EC0-301F-11D3-BF4B-00C04F79EFBC}") = "PriorityQueue", "Dot.Depends\PriorityQueue\PriorityQueue.csproj", "{ECBDFA0F-FED1-40AB-883D-F4A28245E418}"
EndProject
Project("{FAE04EC0-301F-11D3-BF4B-00C04F79EFBC}") = "Snappy.Net", "Dot.Depends\Snappy.Net\Snappy.Net.csproj", "{DD329D5D-D18D-4390-99E4-17439E8AD4D7}"
EndProject
Project("{2150E333-8FDC-42A3-9474-1A3956D46DE8}") = "Net", "Net", "{DB5DC470-E90C-4D16-A436-29517A5E96F0}"
EndProject
Project("{FAE04EC0-301F-11D3-BF4B-00C04F79EFBC}") = "DotEngine.NetCore", "Dot.Net\DotEngine.NetCore\DotEngine.NetCore.csproj", "{1A10D638-FE6D-4246-BCC7-1DFDA9A08111}"
EndProject
Project("{FAE04EC0-301F-11D3-BF4B-00C04F79EFBC}") = "DotTool.ProtobufCreator", "Dot.Tools\DotTool.ProtobufCreator\DotTool.ProtobufCreator.csproj", "{2EC6F979-B5CC-45D3-87F5-202DDA730245}"
EndProject
Project("{FAE04EC0-301F-11D3-BF4B-00C04F79EFBC}") = "DotTool.ConfigConverter", "Dot.Tools\DotTool.ConfigConverter\DotTool.ConfigConverter.csproj", "{6671E654-E041-4251-BCB8-DA0D027675A1}"
EndProject
Project("{2150E333-8FDC-42A3-9474-1A3956D46DE8}") = "Log", "Log", "{1014CDCC-9941-423F-8BC8-EA1ED5BF0D6A}"
EndProject
Project("{FAE04EC0-301F-11D3-BF4B-00C04F79EFBC}") = "DotEngine.Log", "Dot.Log\DotEngine.Log\DotEngine.Log.csproj", "{1BBCE513-AA2C-4451-919E-D5BEF87A78CA}"
EndProject
Project("{FAE04EC0-301F-11D3-BF4B-00C04F79EFBC}") = "DotEditor.Log", "Dot.Log\DotEditor.Log\DotEditor.Log.csproj", "{631B40EF-0176-4D45-99CE-584D95C24DDB}"
EndProject
Project("{2150E333-8FDC-42A3-9474-1A3956D46DE8}") = "GOP", "GOP", "{91DFCF9F-0200-484F-86F9-D16C243B040B}"
EndProject
Project("{FAE04EC0-301F-11D3-BF4B-00C04F79EFBC}") = "DotEngine.GOP", "Dot.GOP\DotEngine.GOP\DotEngine.GOP.csproj", "{57CB167D-DF80-455C-AF16-668A64ECEF9F}"
EndProject
Global
	GlobalSection(SolutionConfigurationPlatforms) = preSolution
		Debug|Any CPU = Debug|Any CPU
		Release|Any CPU = Release|Any CPU
	EndGlobalSection
	GlobalSection(ProjectConfigurationPlatforms) = postSolution
		{1B8E7C62-BBC5-4193-AA97-7DB1249B9CD4}.Debug|Any CPU.ActiveCfg = Debug|Any CPU
		{1B8E7C62-BBC5-4193-AA97-7DB1249B9CD4}.Debug|Any CPU.Build.0 = Debug|Any CPU
		{1B8E7C62-BBC5-4193-AA97-7DB1249B9CD4}.Release|Any CPU.ActiveCfg = Release|Any CPU
		{1B8E7C62-BBC5-4193-AA97-7DB1249B9CD4}.Release|Any CPU.Build.0 = Release|Any CPU
		{E8EE1828-9513-4713-A5CF-28EAA91D93D6}.Debug|Any CPU.ActiveCfg = Debug|Any CPU
		{E8EE1828-9513-4713-A5CF-28EAA91D93D6}.Debug|Any CPU.Build.0 = Debug|Any CPU
		{E8EE1828-9513-4713-A5CF-28EAA91D93D6}.Release|Any CPU.ActiveCfg = Release|Any CPU
		{E8EE1828-9513-4713-A5CF-28EAA91D93D6}.Release|Any CPU.Build.0 = Release|Any CPU
		{7E485365-C9E2-492E-8125-EE94B56CF6AD}.Debug|Any CPU.ActiveCfg = Debug|Any CPU
		{7E485365-C9E2-492E-8125-EE94B56CF6AD}.Debug|Any CPU.Build.0 = Debug|Any CPU
		{7E485365-C9E2-492E-8125-EE94B56CF6AD}.Release|Any CPU.ActiveCfg = Release|Any CPU
		{7E485365-C9E2-492E-8125-EE94B56CF6AD}.Release|Any CPU.Build.0 = Release|Any CPU
		{D2C6940E-4C1F-4797-AB59-2C032E8329C8}.Debug|Any CPU.ActiveCfg = Debug|Any CPU
		{D2C6940E-4C1F-4797-AB59-2C032E8329C8}.Debug|Any CPU.Build.0 = Debug|Any CPU
		{D2C6940E-4C1F-4797-AB59-2C032E8329C8}.Release|Any CPU.ActiveCfg = Release|Any CPU
		{D2C6940E-4C1F-4797-AB59-2C032E8329C8}.Release|Any CPU.Build.0 = Release|Any CPU
		{A1AF8426-BF0E-4B87-B292-44B958BA5CB7}.Debug|Any CPU.ActiveCfg = Debug|Any CPU
		{A1AF8426-BF0E-4B87-B292-44B958BA5CB7}.Debug|Any CPU.Build.0 = Debug|Any CPU
		{A1AF8426-BF0E-4B87-B292-44B958BA5CB7}.Release|Any CPU.ActiveCfg = Release|Any CPU
		{A1AF8426-BF0E-4B87-B292-44B958BA5CB7}.Release|Any CPU.Build.0 = Release|Any CPU
		{2182D910-A9FC-457F-A5E8-8A0447D03CA0}.Debug|Any CPU.ActiveCfg = Debug|Any CPU
		{2182D910-A9FC-457F-A5E8-8A0447D03CA0}.Debug|Any CPU.Build.0 = Debug|Any CPU
		{2182D910-A9FC-457F-A5E8-8A0447D03CA0}.Release|Any CPU.ActiveCfg = Release|Any CPU
		{2182D910-A9FC-457F-A5E8-8A0447D03CA0}.Release|Any CPU.Build.0 = Release|Any CPU
		{A169667F-0F8B-44AB-AF4F-A34651F27EBD}.Debug|Any CPU.ActiveCfg = Debug|Any CPU
		{A169667F-0F8B-44AB-AF4F-A34651F27EBD}.Debug|Any CPU.Build.0 = Debug|Any CPU
		{A169667F-0F8B-44AB-AF4F-A34651F27EBD}.Release|Any CPU.ActiveCfg = Release|Any CPU
		{A169667F-0F8B-44AB-AF4F-A34651F27EBD}.Release|Any CPU.Build.0 = Release|Any CPU
		{4CDB9146-B4C5-47AD-AD90-9BDEDDA1DF80}.Debug|Any CPU.ActiveCfg = Debug|Any CPU
		{4CDB9146-B4C5-47AD-AD90-9BDEDDA1DF80}.Debug|Any CPU.Build.0 = Debug|Any CPU
		{4CDB9146-B4C5-47AD-AD90-9BDEDDA1DF80}.Release|Any CPU.ActiveCfg = Release|Any CPU
		{4CDB9146-B4C5-47AD-AD90-9BDEDDA1DF80}.Release|Any CPU.Build.0 = Release|Any CPU
		{EFE3AD4B-A5B5-42D0-8DE6-C4E083F47BBF}.Debug|Any CPU.ActiveCfg = Debug|Any CPU
		{EFE3AD4B-A5B5-42D0-8DE6-C4E083F47BBF}.Debug|Any CPU.Build.0 = Debug|Any CPU
		{EFE3AD4B-A5B5-42D0-8DE6-C4E083F47BBF}.Release|Any CPU.ActiveCfg = Release|Any CPU
		{EFE3AD4B-A5B5-42D0-8DE6-C4E083F47BBF}.Release|Any CPU.Build.0 = Release|Any CPU
		{ECBDFA0F-FED1-40AB-883D-F4A28245E418}.Debug|Any CPU.ActiveCfg = Debug|Any CPU
		{ECBDFA0F-FED1-40AB-883D-F4A28245E418}.Debug|Any CPU.Build.0 = Debug|Any CPU
		{ECBDFA0F-FED1-40AB-883D-F4A28245E418}.Release|Any CPU.ActiveCfg = Release|Any CPU
		{ECBDFA0F-FED1-40AB-883D-F4A28245E418}.Release|Any CPU.Build.0 = Release|Any CPU
		{DD329D5D-D18D-4390-99E4-17439E8AD4D7}.Debug|Any CPU.ActiveCfg = Debug|Any CPU
		{DD329D5D-D18D-4390-99E4-17439E8AD4D7}.Debug|Any CPU.Build.0 = Debug|Any CPU
		{DD329D5D-D18D-4390-99E4-17439E8AD4D7}.Release|Any CPU.ActiveCfg = Release|Any CPU
		{DD329D5D-D18D-4390-99E4-17439E8AD4D7}.Release|Any CPU.Build.0 = Release|Any CPU
		{1A10D638-FE6D-4246-BCC7-1DFDA9A08111}.Debug|Any CPU.ActiveCfg = Debug|Any CPU
		{1A10D638-FE6D-4246-BCC7-1DFDA9A08111}.Debug|Any CPU.Build.0 = Debug|Any CPU
		{1A10D638-FE6D-4246-BCC7-1DFDA9A08111}.Release|Any CPU.ActiveCfg = Release|Any CPU
		{1A10D638-FE6D-4246-BCC7-1DFDA9A08111}.Release|Any CPU.Build.0 = Release|Any CPU
		{2EC6F979-B5CC-45D3-87F5-202DDA730245}.Debug|Any CPU.ActiveCfg = Debug|Any CPU
		{2EC6F979-B5CC-45D3-87F5-202DDA730245}.Debug|Any CPU.Build.0 = Debug|Any CPU
		{2EC6F979-B5CC-45D3-87F5-202DDA730245}.Release|Any CPU.ActiveCfg = Release|Any CPU
		{2EC6F979-B5CC-45D3-87F5-202DDA730245}.Release|Any CPU.Build.0 = Release|Any CPU
		{6671E654-E041-4251-BCB8-DA0D027675A1}.Debug|Any CPU.ActiveCfg = Debug|Any CPU
		{6671E654-E041-4251-BCB8-DA0D027675A1}.Debug|Any CPU.Build.0 = Debug|Any CPU
		{6671E654-E041-4251-BCB8-DA0D027675A1}.Release|Any CPU.ActiveCfg = Release|Any CPU
		{6671E654-E041-4251-BCB8-DA0D027675A1}.Release|Any CPU.Build.0 = Release|Any CPU
		{1BBCE513-AA2C-4451-919E-D5BEF87A78CA}.Debug|Any CPU.ActiveCfg = Debug|Any CPU
		{1BBCE513-AA2C-4451-919E-D5BEF87A78CA}.Debug|Any CPU.Build.0 = Debug|Any CPU
		{1BBCE513-AA2C-4451-919E-D5BEF87A78CA}.Release|Any CPU.ActiveCfg = Release|Any CPU
		{1BBCE513-AA2C-4451-919E-D5BEF87A78CA}.Release|Any CPU.Build.0 = Release|Any CPU
		{631B40EF-0176-4D45-99CE-584D95C24DDB}.Debug|Any CPU.ActiveCfg = Debug|Any CPU
		{631B40EF-0176-4D45-99CE-584D95C24DDB}.Debug|Any CPU.Build.0 = Debug|Any CPU
		{631B40EF-0176-4D45-99CE-584D95C24DDB}.Release|Any CPU.ActiveCfg = Release|Any CPU
		{631B40EF-0176-4D45-99CE-584D95C24DDB}.Release|Any CPU.Build.0 = Release|Any CPU
		{57CB167D-DF80-455C-AF16-668A64ECEF9F}.Debug|Any CPU.ActiveCfg = Debug|Any CPU
		{57CB167D-DF80-455C-AF16-668A64ECEF9F}.Debug|Any CPU.Build.0 = Debug|Any CPU
		{57CB167D-DF80-455C-AF16-668A64ECEF9F}.Release|Any CPU.ActiveCfg = Release|Any CPU
		{57CB167D-DF80-455C-AF16-668A64ECEF9F}.Release|Any CPU.Build.0 = Release|Any CPU
	EndGlobalSection
	GlobalSection(SolutionProperties) = preSolution
		HideSolutionNode = FALSE
	EndGlobalSection
	GlobalSection(NestedProjects) = preSolution
		{1B8E7C62-BBC5-4193-AA97-7DB1249B9CD4} = {12C7CE4B-4207-471E-BD25-FB77B62B839F}
		{E8EE1828-9513-4713-A5CF-28EAA91D93D6} = {12C7CE4B-4207-471E-BD25-FB77B62B839F}
		{7E485365-C9E2-492E-8125-EE94B56CF6AD} = {6C7240F3-7FE6-414B-9414-C86A4E46A47A}
		{D2C6940E-4C1F-4797-AB59-2C032E8329C8} = {D9BB57A0-A6C8-49D1-8F59-F190DC3AE155}
		{A1AF8426-BF0E-4B87-B292-44B958BA5CB7} = {D9BB57A0-A6C8-49D1-8F59-F190DC3AE155}
		{2182D910-A9FC-457F-A5E8-8A0447D03CA0} = {5622FD0A-723B-4FDD-B0AA-700897EE9207}
		{A169667F-0F8B-44AB-AF4F-A34651F27EBD} = {5622FD0A-723B-4FDD-B0AA-700897EE9207}
		{4CDB9146-B4C5-47AD-AD90-9BDEDDA1DF80} = {EABD7FA4-3AC7-4698-8F78-B1DF5F030022}
		{EFE3AD4B-A5B5-42D0-8DE6-C4E083F47BBF} = {38DE93B0-738F-455F-9C71-142B71D8C1BA}
		{ECBDFA0F-FED1-40AB-883D-F4A28245E418} = {38DE93B0-738F-455F-9C71-142B71D8C1BA}
		{DD329D5D-D18D-4390-99E4-17439E8AD4D7} = {38DE93B0-738F-455F-9C71-142B71D8C1BA}
		{1A10D638-FE6D-4246-BCC7-1DFDA9A08111} = {DB5DC470-E90C-4D16-A436-29517A5E96F0}
		{2EC6F979-B5CC-45D3-87F5-202DDA730245} = {EABD7FA4-3AC7-4698-8F78-B1DF5F030022}
		{6671E654-E041-4251-BCB8-DA0D027675A1} = {EABD7FA4-3AC7-4698-8F78-B1DF5F030022}
		{1BBCE513-AA2C-4451-919E-D5BEF87A78CA} = {1014CDCC-9941-423F-8BC8-EA1ED5BF0D6A}
		{631B40EF-0176-4D45-99CE-584D95C24DDB} = {1014CDCC-9941-423F-8BC8-EA1ED5BF0D6A}
		{57CB167D-DF80-455C-AF16-668A64ECEF9F} = {91DFCF9F-0200-484F-86F9-D16C243B040B}
	EndGlobalSection
	GlobalSection(ExtensibilityGlobals) = postSolution
		SolutionGuid = {EC1A1D71-B246-460A-86E5-9A9EA22693D1}
	EndGlobalSection
EndGlobal
