
Microsoft Visual Studio Solution File, Format Version 12.00
# Visual Studio Version 16
VisualStudioVersion = 16.0.31129.286
MinimumVisualStudioVersion = 10.0.40219.1
Project("{2150E333-8FDC-42A3-9474-1A3956D46DE8}") = "Dot.Pool", "Dot.Pool", "{7CDEDD69-D0F4-4AB0-AE35-5816AE868579}"
EndProject
Project("{FAE04EC0-301F-11D3-BF4B-00C04F79EFBC}") = "DotEngine.Pool", "Pool\DotEngine.Pool\DotEngine.Pool.csproj", "{C000C5D8-03A6-42F5-A2FB-3628B5CE1C34}"
EndProject
Project("{FAE04EC0-301F-11D3-BF4B-00C04F79EFBC}") = "DotEditor.Pool", "Pool\DotEditor.Pool\DotEditor.Pool.csproj", "{E013DA01-8BCF-4B97-A2C2-B97F342C6B52}"
EndProject
Project("{2150E333-8FDC-42A3-9474-1A3956D46DE8}") = "Dot.Log", "Dot.Log", "{77111F07-7FFE-4DA2-9591-240823C4F36A}"
EndProject
Project("{FAE04EC0-301F-11D3-BF4B-00C04F79EFBC}") = "DotEngine.Log", "Log\DotEngine.Log\DotEngine.Log.csproj", "{AB363003-280C-422D-AEE0-757348E33B6D}"
EndProject
Project("{FAE04EC0-301F-11D3-BF4B-00C04F79EFBC}") = "DotEditor.Log", "Log\DotEditor.Log\DotEditor.Log.csproj", "{6112DC63-D8BC-43BB-B5BA-CBB8AA5AFDAD}"
EndProject
Project("{2150E333-8FDC-42A3-9474-1A3956D46DE8}") = "Dot.Core", "Dot.Core", "{EA17DCDD-1186-43EF-8070-1E37636A0C74}"
EndProject
Project("{FAE04EC0-301F-11D3-BF4B-00C04F79EFBC}") = "DotEngine.Core", "Core\DotEngine.Core\DotEngine.Core.csproj", "{8CA38208-4390-4BDD-9446-1EE11966B5E8}"
EndProject
Project("{FAE04EC0-301F-11D3-BF4B-00C04F79EFBC}") = "DotEditor.Core", "Core\DotEditor.Core\DotEditor.Core.csproj", "{FF20465A-33D9-474A-BACB-0C60BEE2B2B5}"
EndProject
Project("{2150E333-8FDC-42A3-9474-1A3956D46DE8}") = "Dot.Net", "Dot.Net", "{22DBE37F-DA6A-40D6-9F65-D2D0AF358025}"
EndProject
Project("{FAE04EC0-301F-11D3-BF4B-00C04F79EFBC}") = "DotEngine.Net", "Net\DotEngine.Net\DotEngine.Net.csproj", "{06A771B5-3958-4AAA-B1F6-7302E1CC90C1}"
EndProject
Project("{2150E333-8FDC-42A3-9474-1A3956D46DE8}") = "Dot.Config", "Dot.Config", "{FA2E0ACE-04F1-4BE2-90AA-267AC8EBC462}"
EndProject
Project("{FAE04EC0-301F-11D3-BF4B-00C04F79EFBC}") = "DotEngine.Config", "Config\DotEngine.Config\DotEngine.Config.csproj", "{C1925E95-3AD5-4876-849A-967FB89713EF}"
EndProject
Project("{FAE04EC0-301F-11D3-BF4B-00C04F79EFBC}") = "DotEditor.Config", "Config\DotEditor.Config\DotEditor.Config.csproj", "{1C23895F-9176-4829-B4C1-0AE12E637C9B}"
EndProject
Project("{2150E333-8FDC-42A3-9474-1A3956D46DE8}") = "Dot.Asset", "Dot.Asset", "{6491DA7C-CF74-4DF5-AFC6-33B81CB0333A}"
EndProject
Project("{FAE04EC0-301F-11D3-BF4B-00C04F79EFBC}") = "DotEngine.Asset", "Asset\DotEngine.Asset\DotEngine.Asset.csproj", "{E6927CF2-747F-42EA-A398-228D56FBE734}"
EndProject
Project("{FAE04EC0-301F-11D3-BF4B-00C04F79EFBC}") = "DotEditor.Asset", "Asset\DotEditor.Asset\DotEditor.Asset.csproj", "{FFD09176-E4AA-479C-A171-3C30110AAAC3}"
EndProject
Project("{2150E333-8FDC-42A3-9474-1A3956D46DE8}") = "Dot.Injection", "Dot.Injection", "{29567E68-A7DB-4EF8-BB77-9A9EBEB762B5}"
EndProject
Project("{FAE04EC0-301F-11D3-BF4B-00C04F79EFBC}") = "DotEngine.Injection", "Context\DotEngine.Context\DotEngine.Injection.csproj", "{9C06573D-D15D-4358-A36A-332072650761}"
EndProject
Project("{2150E333-8FDC-42A3-9474-1A3956D46DE8}") = "Dot.Tools", "Dot.Tools", "{91DB402D-D45B-4FDD-8D3C-09CF30293FCC}"
EndProject
Project("{2150E333-8FDC-42A3-9474-1A3956D46DE8}") = "Dot.CodeGen", "Dot.CodeGen", "{707633C8-0359-45C8-A0D4-8CDF416DF7F2}"
EndProject
Project("{FAE04EC0-301F-11D3-BF4B-00C04F79EFBC}") = "DotTools.CodeGen", "Tools\DotTools.CodeGen\DotTools.CodeGen.csproj", "{4BC56256-DF10-4253-986C-C9A5AFDE2391}"
EndProject
Project("{2150E333-8FDC-42A3-9474-1A3956D46DE8}") = "Dot.PB", "Dot.PB", "{FBFE541D-A34F-4F83-86CD-B93E0F9ECD46}"
EndProject
Project("{FAE04EC0-301F-11D3-BF4B-00C04F79EFBC}") = "DotTools.PBExporter", "Tools\DotTools.PBExporter\DotTools.PBExporter.csproj", "{9C306EB5-96E4-4514-B2C0-3C80516FB777}"
EndProject
Global
	GlobalSection(SolutionConfigurationPlatforms) = preSolution
		Debug|Any CPU = Debug|Any CPU
		Release|Any CPU = Release|Any CPU
	EndGlobalSection
	GlobalSection(ProjectConfigurationPlatforms) = postSolution
		{C000C5D8-03A6-42F5-A2FB-3628B5CE1C34}.Debug|Any CPU.ActiveCfg = Debug|Any CPU
		{C000C5D8-03A6-42F5-A2FB-3628B5CE1C34}.Debug|Any CPU.Build.0 = Debug|Any CPU
		{C000C5D8-03A6-42F5-A2FB-3628B5CE1C34}.Release|Any CPU.ActiveCfg = Release|Any CPU
		{C000C5D8-03A6-42F5-A2FB-3628B5CE1C34}.Release|Any CPU.Build.0 = Release|Any CPU
		{E013DA01-8BCF-4B97-A2C2-B97F342C6B52}.Debug|Any CPU.ActiveCfg = Debug|Any CPU
		{E013DA01-8BCF-4B97-A2C2-B97F342C6B52}.Debug|Any CPU.Build.0 = Debug|Any CPU
		{E013DA01-8BCF-4B97-A2C2-B97F342C6B52}.Release|Any CPU.ActiveCfg = Release|Any CPU
		{E013DA01-8BCF-4B97-A2C2-B97F342C6B52}.Release|Any CPU.Build.0 = Release|Any CPU
		{AB363003-280C-422D-AEE0-757348E33B6D}.Debug|Any CPU.ActiveCfg = Debug|Any CPU
		{AB363003-280C-422D-AEE0-757348E33B6D}.Debug|Any CPU.Build.0 = Debug|Any CPU
		{AB363003-280C-422D-AEE0-757348E33B6D}.Release|Any CPU.ActiveCfg = Release|Any CPU
		{AB363003-280C-422D-AEE0-757348E33B6D}.Release|Any CPU.Build.0 = Release|Any CPU
		{6112DC63-D8BC-43BB-B5BA-CBB8AA5AFDAD}.Debug|Any CPU.ActiveCfg = Debug|Any CPU
		{6112DC63-D8BC-43BB-B5BA-CBB8AA5AFDAD}.Debug|Any CPU.Build.0 = Debug|Any CPU
		{6112DC63-D8BC-43BB-B5BA-CBB8AA5AFDAD}.Release|Any CPU.ActiveCfg = Release|Any CPU
		{6112DC63-D8BC-43BB-B5BA-CBB8AA5AFDAD}.Release|Any CPU.Build.0 = Release|Any CPU
		{8CA38208-4390-4BDD-9446-1EE11966B5E8}.Debug|Any CPU.ActiveCfg = Debug|Any CPU
		{8CA38208-4390-4BDD-9446-1EE11966B5E8}.Debug|Any CPU.Build.0 = Debug|Any CPU
		{8CA38208-4390-4BDD-9446-1EE11966B5E8}.Release|Any CPU.ActiveCfg = Release|Any CPU
		{8CA38208-4390-4BDD-9446-1EE11966B5E8}.Release|Any CPU.Build.0 = Release|Any CPU
		{FF20465A-33D9-474A-BACB-0C60BEE2B2B5}.Debug|Any CPU.ActiveCfg = Debug|Any CPU
		{FF20465A-33D9-474A-BACB-0C60BEE2B2B5}.Debug|Any CPU.Build.0 = Debug|Any CPU
		{FF20465A-33D9-474A-BACB-0C60BEE2B2B5}.Release|Any CPU.ActiveCfg = Release|Any CPU
		{FF20465A-33D9-474A-BACB-0C60BEE2B2B5}.Release|Any CPU.Build.0 = Release|Any CPU
		{06A771B5-3958-4AAA-B1F6-7302E1CC90C1}.Debug|Any CPU.ActiveCfg = Debug|Any CPU
		{06A771B5-3958-4AAA-B1F6-7302E1CC90C1}.Debug|Any CPU.Build.0 = Debug|Any CPU
		{06A771B5-3958-4AAA-B1F6-7302E1CC90C1}.Release|Any CPU.ActiveCfg = Release|Any CPU
		{06A771B5-3958-4AAA-B1F6-7302E1CC90C1}.Release|Any CPU.Build.0 = Release|Any CPU
		{C1925E95-3AD5-4876-849A-967FB89713EF}.Debug|Any CPU.ActiveCfg = Debug|Any CPU
		{C1925E95-3AD5-4876-849A-967FB89713EF}.Debug|Any CPU.Build.0 = Debug|Any CPU
		{C1925E95-3AD5-4876-849A-967FB89713EF}.Release|Any CPU.ActiveCfg = Release|Any CPU
		{C1925E95-3AD5-4876-849A-967FB89713EF}.Release|Any CPU.Build.0 = Release|Any CPU
		{1C23895F-9176-4829-B4C1-0AE12E637C9B}.Debug|Any CPU.ActiveCfg = Debug|Any CPU
		{1C23895F-9176-4829-B4C1-0AE12E637C9B}.Debug|Any CPU.Build.0 = Debug|Any CPU
		{1C23895F-9176-4829-B4C1-0AE12E637C9B}.Release|Any CPU.ActiveCfg = Release|Any CPU
		{1C23895F-9176-4829-B4C1-0AE12E637C9B}.Release|Any CPU.Build.0 = Release|Any CPU
		{E6927CF2-747F-42EA-A398-228D56FBE734}.Debug|Any CPU.ActiveCfg = Debug|Any CPU
		{E6927CF2-747F-42EA-A398-228D56FBE734}.Debug|Any CPU.Build.0 = Debug|Any CPU
		{E6927CF2-747F-42EA-A398-228D56FBE734}.Release|Any CPU.ActiveCfg = Release|Any CPU
		{E6927CF2-747F-42EA-A398-228D56FBE734}.Release|Any CPU.Build.0 = Release|Any CPU
		{FFD09176-E4AA-479C-A171-3C30110AAAC3}.Debug|Any CPU.ActiveCfg = Debug|Any CPU
		{FFD09176-E4AA-479C-A171-3C30110AAAC3}.Debug|Any CPU.Build.0 = Debug|Any CPU
		{FFD09176-E4AA-479C-A171-3C30110AAAC3}.Release|Any CPU.ActiveCfg = Release|Any CPU
		{FFD09176-E4AA-479C-A171-3C30110AAAC3}.Release|Any CPU.Build.0 = Release|Any CPU
		{9C06573D-D15D-4358-A36A-332072650761}.Debug|Any CPU.ActiveCfg = Debug|Any CPU
		{9C06573D-D15D-4358-A36A-332072650761}.Debug|Any CPU.Build.0 = Debug|Any CPU
		{9C06573D-D15D-4358-A36A-332072650761}.Release|Any CPU.ActiveCfg = Release|Any CPU
		{9C06573D-D15D-4358-A36A-332072650761}.Release|Any CPU.Build.0 = Release|Any CPU
		{4BC56256-DF10-4253-986C-C9A5AFDE2391}.Debug|Any CPU.ActiveCfg = Debug|Any CPU
		{4BC56256-DF10-4253-986C-C9A5AFDE2391}.Debug|Any CPU.Build.0 = Debug|Any CPU
		{4BC56256-DF10-4253-986C-C9A5AFDE2391}.Release|Any CPU.ActiveCfg = Release|Any CPU
		{4BC56256-DF10-4253-986C-C9A5AFDE2391}.Release|Any CPU.Build.0 = Release|Any CPU
		{9C306EB5-96E4-4514-B2C0-3C80516FB777}.Debug|Any CPU.ActiveCfg = Debug|Any CPU
		{9C306EB5-96E4-4514-B2C0-3C80516FB777}.Debug|Any CPU.Build.0 = Debug|Any CPU
		{9C306EB5-96E4-4514-B2C0-3C80516FB777}.Release|Any CPU.ActiveCfg = Release|Any CPU
		{9C306EB5-96E4-4514-B2C0-3C80516FB777}.Release|Any CPU.Build.0 = Release|Any CPU
	EndGlobalSection
	GlobalSection(SolutionProperties) = preSolution
		HideSolutionNode = FALSE
	EndGlobalSection
	GlobalSection(NestedProjects) = preSolution
		{C000C5D8-03A6-42F5-A2FB-3628B5CE1C34} = {7CDEDD69-D0F4-4AB0-AE35-5816AE868579}
		{E013DA01-8BCF-4B97-A2C2-B97F342C6B52} = {7CDEDD69-D0F4-4AB0-AE35-5816AE868579}
		{AB363003-280C-422D-AEE0-757348E33B6D} = {77111F07-7FFE-4DA2-9591-240823C4F36A}
		{6112DC63-D8BC-43BB-B5BA-CBB8AA5AFDAD} = {77111F07-7FFE-4DA2-9591-240823C4F36A}
		{8CA38208-4390-4BDD-9446-1EE11966B5E8} = {EA17DCDD-1186-43EF-8070-1E37636A0C74}
		{FF20465A-33D9-474A-BACB-0C60BEE2B2B5} = {EA17DCDD-1186-43EF-8070-1E37636A0C74}
		{06A771B5-3958-4AAA-B1F6-7302E1CC90C1} = {22DBE37F-DA6A-40D6-9F65-D2D0AF358025}
		{C1925E95-3AD5-4876-849A-967FB89713EF} = {FA2E0ACE-04F1-4BE2-90AA-267AC8EBC462}
		{1C23895F-9176-4829-B4C1-0AE12E637C9B} = {FA2E0ACE-04F1-4BE2-90AA-267AC8EBC462}
		{E6927CF2-747F-42EA-A398-228D56FBE734} = {6491DA7C-CF74-4DF5-AFC6-33B81CB0333A}
		{FFD09176-E4AA-479C-A171-3C30110AAAC3} = {6491DA7C-CF74-4DF5-AFC6-33B81CB0333A}
		{9C06573D-D15D-4358-A36A-332072650761} = {29567E68-A7DB-4EF8-BB77-9A9EBEB762B5}
		{707633C8-0359-45C8-A0D4-8CDF416DF7F2} = {91DB402D-D45B-4FDD-8D3C-09CF30293FCC}
		{4BC56256-DF10-4253-986C-C9A5AFDE2391} = {707633C8-0359-45C8-A0D4-8CDF416DF7F2}
		{FBFE541D-A34F-4F83-86CD-B93E0F9ECD46} = {91DB402D-D45B-4FDD-8D3C-09CF30293FCC}
		{9C306EB5-96E4-4514-B2C0-3C80516FB777} = {FBFE541D-A34F-4F83-86CD-B93E0F9ECD46}
	EndGlobalSection
	GlobalSection(ExtensibilityGlobals) = postSolution
		SolutionGuid = {EC1A1D71-B246-460A-86E5-9A9EA22693D1}
	EndGlobalSection
EndGlobal
