
Microsoft Visual Studio Solution File, Format Version 12.00
# Visual Studio Version 16
VisualStudioVersion = 16.0.32126.315
MinimumVisualStudioVersion = 10.0.40219.1
Project("{FAE04EC0-301F-11D3-BF4B-00C04F79EFBC}") = "DotEngine.Config.Ini", "DotEngine.Config.Ini\DotEngine.Config.Ini.csproj", "{F2AEBB54-A3C8-4B7F-8924-CFE417F937FB}"
EndProject
Global
	GlobalSection(SolutionConfigurationPlatforms) = preSolution
		Debug|Any CPU = Debug|Any CPU
		Release|Any CPU = Release|Any CPU
	EndGlobalSection
	GlobalSection(ProjectConfigurationPlatforms) = postSolution
		{F2AEBB54-A3C8-4B7F-8924-CFE417F937FB}.Debug|Any CPU.ActiveCfg = Debug|Any CPU
		{F2AEBB54-A3C8-4B7F-8924-CFE417F937FB}.Debug|Any CPU.Build.0 = Debug|Any CPU
		{F2AEBB54-A3C8-4B7F-8924-CFE417F937FB}.Release|Any CPU.ActiveCfg = Release|Any CPU
		{F2AEBB54-A3C8-4B7F-8924-CFE417F937FB}.Release|Any CPU.Build.0 = Release|Any CPU
	EndGlobalSection
	GlobalSection(SolutionProperties) = preSolution
		HideSolutionNode = FALSE
	EndGlobalSection
	GlobalSection(ExtensibilityGlobals) = postSolution
		SolutionGuid = {D41E34DA-076C-4D0A-8993-9E10E951F268}
	EndGlobalSection
EndGlobal
