
Microsoft Visual Studio Solution File, Format Version 12.00
# Visual Studio Version 16
VisualStudioVersion = 16.0.31112.23
MinimumVisualStudioVersion = 10.0.40219.1
Project("{FAE04EC0-301F-11D3-BF4B-00C04F79EFBC}") = "ProtobufConfigTool", "ProtobufConfigTool.csproj", "{A55D0A76-ACEA-41A9-86E3-76CBF5560393}"
EndProject
Global
	GlobalSection(SolutionConfigurationPlatforms) = preSolution
		Debug|Any CPU = Debug|Any CPU
		Release|Any CPU = Release|Any CPU
	EndGlobalSection
	GlobalSection(ProjectConfigurationPlatforms) = postSolution
		{A55D0A76-ACEA-41A9-86E3-76CBF5560393}.Debug|Any CPU.ActiveCfg = Debug|Any CPU
		{A55D0A76-ACEA-41A9-86E3-76CBF5560393}.Debug|Any CPU.Build.0 = Debug|Any CPU
		{A55D0A76-ACEA-41A9-86E3-76CBF5560393}.Release|Any CPU.ActiveCfg = Release|Any CPU
		{A55D0A76-ACEA-41A9-86E3-76CBF5560393}.Release|Any CPU.Build.0 = Release|Any CPU
	EndGlobalSection
	GlobalSection(SolutionProperties) = preSolution
		HideSolutionNode = FALSE
	EndGlobalSection
	GlobalSection(ExtensibilityGlobals) = postSolution
		SolutionGuid = {B9C9006E-9D42-401E-80D0-E2AB04384570}
	EndGlobalSection
EndGlobal
