
Microsoft Visual Studio Solution File, Format Version 12.00
# Visual Studio Version 16
VisualStudioVersion = 16.0.32126.315
MinimumVisualStudioVersion = 10.0.40219.1
Project("{2150E333-8FDC-42A3-9474-1A3956D46DE8}") = "DotEngine", "DotEngine", "{022432E7-29F9-4295-AD4C-56E039A5C28E}"
EndProject
Project("{2150E333-8FDC-42A3-9474-1A3956D46DE8}") = "DotEditor", "DotEditor", "{4991B849-6E18-48E2-942E-B8AB88A4A33B}"
EndProject
Project("{2150E333-8FDC-42A3-9474-1A3956D46DE8}") = "DotTools", "DotTools", "{47BB9568-A7E8-47D5-B8B5-11C84213A38C}"
EndProject
Project("{FAE04EC0-301F-11D3-BF4B-00C04F79EFBC}") = "DotEngine", "DotEngine\DotEngine.csproj", "{906A63F2-E8B6-4F50-85F0-844C73C8DCDC}"
EndProject
Project("{FAE04EC0-301F-11D3-BF4B-00C04F79EFBC}") = "DotEditor", "DotEditor\DotEditor.csproj", "{E5AC7BED-B604-4E77-9472-895E8433E9D4}"
EndProject
Project("{FAE04EC0-301F-11D3-BF4B-00C04F79EFBC}") = "DotTool.Config", "DotTools\DotTool.Config\DotTool.Config.csproj", "{B35B5A34-2C79-4297-978F-C1D90AA6C806}"
EndProject
Project("{FAE04EC0-301F-11D3-BF4B-00C04F79EFBC}") = "DotTool.CodeGen", "DotTools\DotTool.CodeGen\DotTool.CodeGen.csproj", "{4BC56256-DF10-4253-986C-C9A5AFDE2391}"
EndProject
Project("{2150E333-8FDC-42A3-9474-1A3956D46DE8}") = "DotDepends", "DotDepends", "{0773A1C8-C9CF-4F99-BF11-4D25CFBEC2EC}"
EndProject
Project("{FAE04EC0-301F-11D3-BF4B-00C04F79EFBC}") = "DotEngine.Log", "DotDepends\DotEngine.Log\DotEngine.Log.csproj", "{61EBE018-C6AD-4962-A86A-7B831FF296F4}"
EndProject
Project("{FAE04EC0-301F-11D3-BF4B-00C04F79EFBC}") = "DotEngine.Ini", "DotDepends\DotEngine.Ini\DotEngine.Ini.csproj", "{1A46FA08-2ED7-4791-B766-302C1FF1FF65}"
EndProject
Project("{FAE04EC0-301F-11D3-BF4B-00C04F79EFBC}") = "DotEngine.Core", "DotDepends\DotEngine.Core\DotEngine.Core.csproj", "{3B63D16A-95FE-4E4B-AF72-4AB062900D57}"
EndProject
Project("{FAE04EC0-301F-11D3-BF4B-00C04F79EFBC}") = "DotEditor.Log", "DotDepends\DotEditor.Log\DotEditor.Log.csproj", "{90794A17-5AFB-4CCC-BC69-ACC3D814964D}"
EndProject
Project("{FAE04EC0-301F-11D3-BF4B-00C04F79EFBC}") = "DotEngine.Net", "DotDepends\DotEngine.Net\DotEngine.Net.csproj", "{D16C3FE4-C0D6-43A7-A265-2E8589ADBF6B}"
EndProject
Project("{2150E333-8FDC-42A3-9474-1A3956D46DE8}") = "DotTests", "DotTests", "{EA57108D-2F33-4DB0-9809-AE3F3DCC2444}"
EndProject
Project("{9A19103F-16F7-4668-BE54-9A1E7A4F7556}") = "DotTest.Net.Server", "DotTests\DotTest.Net.Server\DotTest.Net.Server.csproj", "{953C2809-03B7-41F0-A3C0-43495755180A}"
EndProject
Project("{9A19103F-16F7-4668-BE54-9A1E7A4F7556}") = "DotTest.Net.Client", "DotTests\DotTest.Net.Client\DotTest.Net.Client.csproj", "{96612F6B-A99D-47D4-B49F-9A18D1F052C3}"
EndProject
Project("{FAE04EC0-301F-11D3-BF4B-00C04F79EFBC}") = "PriorityQueue", "DotDepends\PriorityQueue\PriorityQueue.csproj", "{ECBDFA0F-FED1-40AB-883D-F4A28245E418}"
EndProject
Project("{FAE04EC0-301F-11D3-BF4B-00C04F79EFBC}") = "DotEngine.Injection", "DotDepends\DotEngine.Injection\DotEngine.Injection.csproj", "{80DA1E18-5E91-4B9F-A5B9-16E57E3DB285}"
EndProject
Project("{2150E333-8FDC-42A3-9474-1A3956D46DE8}") = "UIElements", "UIElements", "{7067F2A7-8546-4A69-9389-2FE3C2F27605}"
EndProject
Project("{FAE04EC0-301F-11D3-BF4B-00C04F79EFBC}") = "DotEditor.UIElements", "DotDepends\UIElements\DotEditor.UIElements\DotEditor.UIElements.csproj", "{21919CB9-E53A-4C67-BFFC-177D6941D2C6}"
EndProject
Project("{FAE04EC0-301F-11D3-BF4B-00C04F79EFBC}") = "DotEngine.UIElements", "DotDepends\UIElements\DotEngine.UIElements\DotEngine.UIElements.csproj", "{BAED7A18-6B05-4BE0-B331-552E221B3150}"
EndProject
Global
	GlobalSection(SolutionConfigurationPlatforms) = preSolution
		Debug|Any CPU = Debug|Any CPU
		Debug|x64 = Debug|x64
		Debug|x86 = Debug|x86
		Release|Any CPU = Release|Any CPU
		Release|x64 = Release|x64
		Release|x86 = Release|x86
	EndGlobalSection
	GlobalSection(ProjectConfigurationPlatforms) = postSolution
		{906A63F2-E8B6-4F50-85F0-844C73C8DCDC}.Debug|Any CPU.ActiveCfg = Debug|Any CPU
		{906A63F2-E8B6-4F50-85F0-844C73C8DCDC}.Debug|Any CPU.Build.0 = Debug|Any CPU
		{906A63F2-E8B6-4F50-85F0-844C73C8DCDC}.Debug|x64.ActiveCfg = Debug|Any CPU
		{906A63F2-E8B6-4F50-85F0-844C73C8DCDC}.Debug|x64.Build.0 = Debug|Any CPU
		{906A63F2-E8B6-4F50-85F0-844C73C8DCDC}.Debug|x86.ActiveCfg = Debug|Any CPU
		{906A63F2-E8B6-4F50-85F0-844C73C8DCDC}.Debug|x86.Build.0 = Debug|Any CPU
		{906A63F2-E8B6-4F50-85F0-844C73C8DCDC}.Release|Any CPU.ActiveCfg = Release|Any CPU
		{906A63F2-E8B6-4F50-85F0-844C73C8DCDC}.Release|Any CPU.Build.0 = Release|Any CPU
		{906A63F2-E8B6-4F50-85F0-844C73C8DCDC}.Release|x64.ActiveCfg = Release|Any CPU
		{906A63F2-E8B6-4F50-85F0-844C73C8DCDC}.Release|x64.Build.0 = Release|Any CPU
		{906A63F2-E8B6-4F50-85F0-844C73C8DCDC}.Release|x86.ActiveCfg = Release|Any CPU
		{906A63F2-E8B6-4F50-85F0-844C73C8DCDC}.Release|x86.Build.0 = Release|Any CPU
		{E5AC7BED-B604-4E77-9472-895E8433E9D4}.Debug|Any CPU.ActiveCfg = Debug|Any CPU
		{E5AC7BED-B604-4E77-9472-895E8433E9D4}.Debug|Any CPU.Build.0 = Debug|Any CPU
		{E5AC7BED-B604-4E77-9472-895E8433E9D4}.Debug|x64.ActiveCfg = Debug|Any CPU
		{E5AC7BED-B604-4E77-9472-895E8433E9D4}.Debug|x64.Build.0 = Debug|Any CPU
		{E5AC7BED-B604-4E77-9472-895E8433E9D4}.Debug|x86.ActiveCfg = Debug|Any CPU
		{E5AC7BED-B604-4E77-9472-895E8433E9D4}.Debug|x86.Build.0 = Debug|Any CPU
		{E5AC7BED-B604-4E77-9472-895E8433E9D4}.Release|Any CPU.ActiveCfg = Release|Any CPU
		{E5AC7BED-B604-4E77-9472-895E8433E9D4}.Release|Any CPU.Build.0 = Release|Any CPU
		{E5AC7BED-B604-4E77-9472-895E8433E9D4}.Release|x64.ActiveCfg = Release|Any CPU
		{E5AC7BED-B604-4E77-9472-895E8433E9D4}.Release|x64.Build.0 = Release|Any CPU
		{E5AC7BED-B604-4E77-9472-895E8433E9D4}.Release|x86.ActiveCfg = Release|Any CPU
		{E5AC7BED-B604-4E77-9472-895E8433E9D4}.Release|x86.Build.0 = Release|Any CPU
		{B35B5A34-2C79-4297-978F-C1D90AA6C806}.Debug|Any CPU.ActiveCfg = Debug|Any CPU
		{B35B5A34-2C79-4297-978F-C1D90AA6C806}.Debug|Any CPU.Build.0 = Debug|Any CPU
		{B35B5A34-2C79-4297-978F-C1D90AA6C806}.Debug|x64.ActiveCfg = Debug|Any CPU
		{B35B5A34-2C79-4297-978F-C1D90AA6C806}.Debug|x64.Build.0 = Debug|Any CPU
		{B35B5A34-2C79-4297-978F-C1D90AA6C806}.Debug|x86.ActiveCfg = Debug|Any CPU
		{B35B5A34-2C79-4297-978F-C1D90AA6C806}.Debug|x86.Build.0 = Debug|Any CPU
		{B35B5A34-2C79-4297-978F-C1D90AA6C806}.Release|Any CPU.ActiveCfg = Release|Any CPU
		{B35B5A34-2C79-4297-978F-C1D90AA6C806}.Release|Any CPU.Build.0 = Release|Any CPU
		{B35B5A34-2C79-4297-978F-C1D90AA6C806}.Release|x64.ActiveCfg = Release|Any CPU
		{B35B5A34-2C79-4297-978F-C1D90AA6C806}.Release|x64.Build.0 = Release|Any CPU
		{B35B5A34-2C79-4297-978F-C1D90AA6C806}.Release|x86.ActiveCfg = Release|Any CPU
		{B35B5A34-2C79-4297-978F-C1D90AA6C806}.Release|x86.Build.0 = Release|Any CPU
		{4BC56256-DF10-4253-986C-C9A5AFDE2391}.Debug|Any CPU.ActiveCfg = Debug|Any CPU
		{4BC56256-DF10-4253-986C-C9A5AFDE2391}.Debug|Any CPU.Build.0 = Debug|Any CPU
		{4BC56256-DF10-4253-986C-C9A5AFDE2391}.Debug|x64.ActiveCfg = Debug|Any CPU
		{4BC56256-DF10-4253-986C-C9A5AFDE2391}.Debug|x64.Build.0 = Debug|Any CPU
		{4BC56256-DF10-4253-986C-C9A5AFDE2391}.Debug|x86.ActiveCfg = Debug|Any CPU
		{4BC56256-DF10-4253-986C-C9A5AFDE2391}.Debug|x86.Build.0 = Debug|Any CPU
		{4BC56256-DF10-4253-986C-C9A5AFDE2391}.Release|Any CPU.ActiveCfg = Release|Any CPU
		{4BC56256-DF10-4253-986C-C9A5AFDE2391}.Release|Any CPU.Build.0 = Release|Any CPU
		{4BC56256-DF10-4253-986C-C9A5AFDE2391}.Release|x64.ActiveCfg = Release|Any CPU
		{4BC56256-DF10-4253-986C-C9A5AFDE2391}.Release|x64.Build.0 = Release|Any CPU
		{4BC56256-DF10-4253-986C-C9A5AFDE2391}.Release|x86.ActiveCfg = Release|Any CPU
		{4BC56256-DF10-4253-986C-C9A5AFDE2391}.Release|x86.Build.0 = Release|Any CPU
		{61EBE018-C6AD-4962-A86A-7B831FF296F4}.Debug|Any CPU.ActiveCfg = Debug|Any CPU
		{61EBE018-C6AD-4962-A86A-7B831FF296F4}.Debug|Any CPU.Build.0 = Debug|Any CPU
		{61EBE018-C6AD-4962-A86A-7B831FF296F4}.Debug|x64.ActiveCfg = Debug|Any CPU
		{61EBE018-C6AD-4962-A86A-7B831FF296F4}.Debug|x64.Build.0 = Debug|Any CPU
		{61EBE018-C6AD-4962-A86A-7B831FF296F4}.Debug|x86.ActiveCfg = Debug|Any CPU
		{61EBE018-C6AD-4962-A86A-7B831FF296F4}.Debug|x86.Build.0 = Debug|Any CPU
		{61EBE018-C6AD-4962-A86A-7B831FF296F4}.Release|Any CPU.ActiveCfg = Release|Any CPU
		{61EBE018-C6AD-4962-A86A-7B831FF296F4}.Release|Any CPU.Build.0 = Release|Any CPU
		{61EBE018-C6AD-4962-A86A-7B831FF296F4}.Release|x64.ActiveCfg = Release|Any CPU
		{61EBE018-C6AD-4962-A86A-7B831FF296F4}.Release|x64.Build.0 = Release|Any CPU
		{61EBE018-C6AD-4962-A86A-7B831FF296F4}.Release|x86.ActiveCfg = Release|Any CPU
		{61EBE018-C6AD-4962-A86A-7B831FF296F4}.Release|x86.Build.0 = Release|Any CPU
		{1A46FA08-2ED7-4791-B766-302C1FF1FF65}.Debug|Any CPU.ActiveCfg = Debug|Any CPU
		{1A46FA08-2ED7-4791-B766-302C1FF1FF65}.Debug|Any CPU.Build.0 = Debug|Any CPU
		{1A46FA08-2ED7-4791-B766-302C1FF1FF65}.Debug|x64.ActiveCfg = Debug|Any CPU
		{1A46FA08-2ED7-4791-B766-302C1FF1FF65}.Debug|x64.Build.0 = Debug|Any CPU
		{1A46FA08-2ED7-4791-B766-302C1FF1FF65}.Debug|x86.ActiveCfg = Debug|Any CPU
		{1A46FA08-2ED7-4791-B766-302C1FF1FF65}.Debug|x86.Build.0 = Debug|Any CPU
		{1A46FA08-2ED7-4791-B766-302C1FF1FF65}.Release|Any CPU.ActiveCfg = Release|Any CPU
		{1A46FA08-2ED7-4791-B766-302C1FF1FF65}.Release|Any CPU.Build.0 = Release|Any CPU
		{1A46FA08-2ED7-4791-B766-302C1FF1FF65}.Release|x64.ActiveCfg = Release|Any CPU
		{1A46FA08-2ED7-4791-B766-302C1FF1FF65}.Release|x64.Build.0 = Release|Any CPU
		{1A46FA08-2ED7-4791-B766-302C1FF1FF65}.Release|x86.ActiveCfg = Release|Any CPU
		{1A46FA08-2ED7-4791-B766-302C1FF1FF65}.Release|x86.Build.0 = Release|Any CPU
		{3B63D16A-95FE-4E4B-AF72-4AB062900D57}.Debug|Any CPU.ActiveCfg = Debug|Any CPU
		{3B63D16A-95FE-4E4B-AF72-4AB062900D57}.Debug|Any CPU.Build.0 = Debug|Any CPU
		{3B63D16A-95FE-4E4B-AF72-4AB062900D57}.Debug|x64.ActiveCfg = Debug|Any CPU
		{3B63D16A-95FE-4E4B-AF72-4AB062900D57}.Debug|x64.Build.0 = Debug|Any CPU
		{3B63D16A-95FE-4E4B-AF72-4AB062900D57}.Debug|x86.ActiveCfg = Debug|Any CPU
		{3B63D16A-95FE-4E4B-AF72-4AB062900D57}.Debug|x86.Build.0 = Debug|Any CPU
		{3B63D16A-95FE-4E4B-AF72-4AB062900D57}.Release|Any CPU.ActiveCfg = Release|Any CPU
		{3B63D16A-95FE-4E4B-AF72-4AB062900D57}.Release|Any CPU.Build.0 = Release|Any CPU
		{3B63D16A-95FE-4E4B-AF72-4AB062900D57}.Release|x64.ActiveCfg = Release|Any CPU
		{3B63D16A-95FE-4E4B-AF72-4AB062900D57}.Release|x64.Build.0 = Release|Any CPU
		{3B63D16A-95FE-4E4B-AF72-4AB062900D57}.Release|x86.ActiveCfg = Release|Any CPU
		{3B63D16A-95FE-4E4B-AF72-4AB062900D57}.Release|x86.Build.0 = Release|Any CPU
		{90794A17-5AFB-4CCC-BC69-ACC3D814964D}.Debug|Any CPU.ActiveCfg = Debug|Any CPU
		{90794A17-5AFB-4CCC-BC69-ACC3D814964D}.Debug|Any CPU.Build.0 = Debug|Any CPU
		{90794A17-5AFB-4CCC-BC69-ACC3D814964D}.Debug|x64.ActiveCfg = Debug|Any CPU
		{90794A17-5AFB-4CCC-BC69-ACC3D814964D}.Debug|x64.Build.0 = Debug|Any CPU
		{90794A17-5AFB-4CCC-BC69-ACC3D814964D}.Debug|x86.ActiveCfg = Debug|Any CPU
		{90794A17-5AFB-4CCC-BC69-ACC3D814964D}.Debug|x86.Build.0 = Debug|Any CPU
		{90794A17-5AFB-4CCC-BC69-ACC3D814964D}.Release|Any CPU.ActiveCfg = Release|Any CPU
		{90794A17-5AFB-4CCC-BC69-ACC3D814964D}.Release|Any CPU.Build.0 = Release|Any CPU
		{90794A17-5AFB-4CCC-BC69-ACC3D814964D}.Release|x64.ActiveCfg = Release|Any CPU
		{90794A17-5AFB-4CCC-BC69-ACC3D814964D}.Release|x64.Build.0 = Release|Any CPU
		{90794A17-5AFB-4CCC-BC69-ACC3D814964D}.Release|x86.ActiveCfg = Release|Any CPU
		{90794A17-5AFB-4CCC-BC69-ACC3D814964D}.Release|x86.Build.0 = Release|Any CPU
		{D16C3FE4-C0D6-43A7-A265-2E8589ADBF6B}.Debug|Any CPU.ActiveCfg = Debug|Any CPU
		{D16C3FE4-C0D6-43A7-A265-2E8589ADBF6B}.Debug|Any CPU.Build.0 = Debug|Any CPU
		{D16C3FE4-C0D6-43A7-A265-2E8589ADBF6B}.Debug|x64.ActiveCfg = Debug|Any CPU
		{D16C3FE4-C0D6-43A7-A265-2E8589ADBF6B}.Debug|x64.Build.0 = Debug|Any CPU
		{D16C3FE4-C0D6-43A7-A265-2E8589ADBF6B}.Debug|x86.ActiveCfg = Debug|Any CPU
		{D16C3FE4-C0D6-43A7-A265-2E8589ADBF6B}.Debug|x86.Build.0 = Debug|Any CPU
		{D16C3FE4-C0D6-43A7-A265-2E8589ADBF6B}.Release|Any CPU.ActiveCfg = Release|Any CPU
		{D16C3FE4-C0D6-43A7-A265-2E8589ADBF6B}.Release|Any CPU.Build.0 = Release|Any CPU
		{D16C3FE4-C0D6-43A7-A265-2E8589ADBF6B}.Release|x64.ActiveCfg = Release|Any CPU
		{D16C3FE4-C0D6-43A7-A265-2E8589ADBF6B}.Release|x64.Build.0 = Release|Any CPU
		{D16C3FE4-C0D6-43A7-A265-2E8589ADBF6B}.Release|x86.ActiveCfg = Release|Any CPU
		{D16C3FE4-C0D6-43A7-A265-2E8589ADBF6B}.Release|x86.Build.0 = Release|Any CPU
		{953C2809-03B7-41F0-A3C0-43495755180A}.Debug|Any CPU.ActiveCfg = Debug|Any CPU
		{953C2809-03B7-41F0-A3C0-43495755180A}.Debug|Any CPU.Build.0 = Debug|Any CPU
		{953C2809-03B7-41F0-A3C0-43495755180A}.Debug|x64.ActiveCfg = Debug|Any CPU
		{953C2809-03B7-41F0-A3C0-43495755180A}.Debug|x64.Build.0 = Debug|Any CPU
		{953C2809-03B7-41F0-A3C0-43495755180A}.Debug|x86.ActiveCfg = Debug|Any CPU
		{953C2809-03B7-41F0-A3C0-43495755180A}.Debug|x86.Build.0 = Debug|Any CPU
		{953C2809-03B7-41F0-A3C0-43495755180A}.Release|Any CPU.ActiveCfg = Release|Any CPU
		{953C2809-03B7-41F0-A3C0-43495755180A}.Release|Any CPU.Build.0 = Release|Any CPU
		{953C2809-03B7-41F0-A3C0-43495755180A}.Release|x64.ActiveCfg = Release|Any CPU
		{953C2809-03B7-41F0-A3C0-43495755180A}.Release|x64.Build.0 = Release|Any CPU
		{953C2809-03B7-41F0-A3C0-43495755180A}.Release|x86.ActiveCfg = Release|Any CPU
		{953C2809-03B7-41F0-A3C0-43495755180A}.Release|x86.Build.0 = Release|Any CPU
		{96612F6B-A99D-47D4-B49F-9A18D1F052C3}.Debug|Any CPU.ActiveCfg = Debug|Any CPU
		{96612F6B-A99D-47D4-B49F-9A18D1F052C3}.Debug|Any CPU.Build.0 = Debug|Any CPU
		{96612F6B-A99D-47D4-B49F-9A18D1F052C3}.Debug|x64.ActiveCfg = Debug|Any CPU
		{96612F6B-A99D-47D4-B49F-9A18D1F052C3}.Debug|x64.Build.0 = Debug|Any CPU
		{96612F6B-A99D-47D4-B49F-9A18D1F052C3}.Debug|x86.ActiveCfg = Debug|Any CPU
		{96612F6B-A99D-47D4-B49F-9A18D1F052C3}.Debug|x86.Build.0 = Debug|Any CPU
		{96612F6B-A99D-47D4-B49F-9A18D1F052C3}.Release|Any CPU.ActiveCfg = Release|Any CPU
		{96612F6B-A99D-47D4-B49F-9A18D1F052C3}.Release|Any CPU.Build.0 = Release|Any CPU
		{96612F6B-A99D-47D4-B49F-9A18D1F052C3}.Release|x64.ActiveCfg = Release|Any CPU
		{96612F6B-A99D-47D4-B49F-9A18D1F052C3}.Release|x64.Build.0 = Release|Any CPU
		{96612F6B-A99D-47D4-B49F-9A18D1F052C3}.Release|x86.ActiveCfg = Release|Any CPU
		{96612F6B-A99D-47D4-B49F-9A18D1F052C3}.Release|x86.Build.0 = Release|Any CPU
		{ECBDFA0F-FED1-40AB-883D-F4A28245E418}.Debug|Any CPU.ActiveCfg = Debug|Any CPU
		{ECBDFA0F-FED1-40AB-883D-F4A28245E418}.Debug|Any CPU.Build.0 = Debug|Any CPU
		{ECBDFA0F-FED1-40AB-883D-F4A28245E418}.Debug|x64.ActiveCfg = Debug|Any CPU
		{ECBDFA0F-FED1-40AB-883D-F4A28245E418}.Debug|x64.Build.0 = Debug|Any CPU
		{ECBDFA0F-FED1-40AB-883D-F4A28245E418}.Debug|x86.ActiveCfg = Debug|Any CPU
		{ECBDFA0F-FED1-40AB-883D-F4A28245E418}.Debug|x86.Build.0 = Debug|Any CPU
		{ECBDFA0F-FED1-40AB-883D-F4A28245E418}.Release|Any CPU.ActiveCfg = Release|Any CPU
		{ECBDFA0F-FED1-40AB-883D-F4A28245E418}.Release|Any CPU.Build.0 = Release|Any CPU
		{ECBDFA0F-FED1-40AB-883D-F4A28245E418}.Release|x64.ActiveCfg = Release|Any CPU
		{ECBDFA0F-FED1-40AB-883D-F4A28245E418}.Release|x64.Build.0 = Release|Any CPU
		{ECBDFA0F-FED1-40AB-883D-F4A28245E418}.Release|x86.ActiveCfg = Release|Any CPU
		{ECBDFA0F-FED1-40AB-883D-F4A28245E418}.Release|x86.Build.0 = Release|Any CPU
		{80DA1E18-5E91-4B9F-A5B9-16E57E3DB285}.Debug|Any CPU.ActiveCfg = Debug|Any CPU
		{80DA1E18-5E91-4B9F-A5B9-16E57E3DB285}.Debug|Any CPU.Build.0 = Debug|Any CPU
		{80DA1E18-5E91-4B9F-A5B9-16E57E3DB285}.Debug|x64.ActiveCfg = Debug|Any CPU
		{80DA1E18-5E91-4B9F-A5B9-16E57E3DB285}.Debug|x64.Build.0 = Debug|Any CPU
		{80DA1E18-5E91-4B9F-A5B9-16E57E3DB285}.Debug|x86.ActiveCfg = Debug|Any CPU
		{80DA1E18-5E91-4B9F-A5B9-16E57E3DB285}.Debug|x86.Build.0 = Debug|Any CPU
		{80DA1E18-5E91-4B9F-A5B9-16E57E3DB285}.Release|Any CPU.ActiveCfg = Release|Any CPU
		{80DA1E18-5E91-4B9F-A5B9-16E57E3DB285}.Release|Any CPU.Build.0 = Release|Any CPU
		{80DA1E18-5E91-4B9F-A5B9-16E57E3DB285}.Release|x64.ActiveCfg = Release|Any CPU
		{80DA1E18-5E91-4B9F-A5B9-16E57E3DB285}.Release|x64.Build.0 = Release|Any CPU
		{80DA1E18-5E91-4B9F-A5B9-16E57E3DB285}.Release|x86.ActiveCfg = Release|Any CPU
		{80DA1E18-5E91-4B9F-A5B9-16E57E3DB285}.Release|x86.Build.0 = Release|Any CPU
		{21919CB9-E53A-4C67-BFFC-177D6941D2C6}.Debug|Any CPU.ActiveCfg = Debug|Any CPU
		{21919CB9-E53A-4C67-BFFC-177D6941D2C6}.Debug|Any CPU.Build.0 = Debug|Any CPU
		{21919CB9-E53A-4C67-BFFC-177D6941D2C6}.Debug|x64.ActiveCfg = Debug|Any CPU
		{21919CB9-E53A-4C67-BFFC-177D6941D2C6}.Debug|x64.Build.0 = Debug|Any CPU
		{21919CB9-E53A-4C67-BFFC-177D6941D2C6}.Debug|x86.ActiveCfg = Debug|Any CPU
		{21919CB9-E53A-4C67-BFFC-177D6941D2C6}.Debug|x86.Build.0 = Debug|Any CPU
		{21919CB9-E53A-4C67-BFFC-177D6941D2C6}.Release|Any CPU.ActiveCfg = Release|Any CPU
		{21919CB9-E53A-4C67-BFFC-177D6941D2C6}.Release|Any CPU.Build.0 = Release|Any CPU
		{21919CB9-E53A-4C67-BFFC-177D6941D2C6}.Release|x64.ActiveCfg = Release|Any CPU
		{21919CB9-E53A-4C67-BFFC-177D6941D2C6}.Release|x64.Build.0 = Release|Any CPU
		{21919CB9-E53A-4C67-BFFC-177D6941D2C6}.Release|x86.ActiveCfg = Release|Any CPU
		{21919CB9-E53A-4C67-BFFC-177D6941D2C6}.Release|x86.Build.0 = Release|Any CPU
		{BAED7A18-6B05-4BE0-B331-552E221B3150}.Debug|Any CPU.ActiveCfg = Debug|Any CPU
		{BAED7A18-6B05-4BE0-B331-552E221B3150}.Debug|Any CPU.Build.0 = Debug|Any CPU
		{BAED7A18-6B05-4BE0-B331-552E221B3150}.Debug|x64.ActiveCfg = Debug|Any CPU
		{BAED7A18-6B05-4BE0-B331-552E221B3150}.Debug|x64.Build.0 = Debug|Any CPU
		{BAED7A18-6B05-4BE0-B331-552E221B3150}.Debug|x86.ActiveCfg = Debug|Any CPU
		{BAED7A18-6B05-4BE0-B331-552E221B3150}.Debug|x86.Build.0 = Debug|Any CPU
		{BAED7A18-6B05-4BE0-B331-552E221B3150}.Release|Any CPU.ActiveCfg = Release|Any CPU
		{BAED7A18-6B05-4BE0-B331-552E221B3150}.Release|Any CPU.Build.0 = Release|Any CPU
		{BAED7A18-6B05-4BE0-B331-552E221B3150}.Release|x64.ActiveCfg = Release|Any CPU
		{BAED7A18-6B05-4BE0-B331-552E221B3150}.Release|x64.Build.0 = Release|Any CPU
		{BAED7A18-6B05-4BE0-B331-552E221B3150}.Release|x86.ActiveCfg = Release|Any CPU
		{BAED7A18-6B05-4BE0-B331-552E221B3150}.Release|x86.Build.0 = Release|Any CPU
	EndGlobalSection
	GlobalSection(SolutionProperties) = preSolution
		HideSolutionNode = FALSE
	EndGlobalSection
	GlobalSection(NestedProjects) = preSolution
		{906A63F2-E8B6-4F50-85F0-844C73C8DCDC} = {022432E7-29F9-4295-AD4C-56E039A5C28E}
		{E5AC7BED-B604-4E77-9472-895E8433E9D4} = {4991B849-6E18-48E2-942E-B8AB88A4A33B}
		{B35B5A34-2C79-4297-978F-C1D90AA6C806} = {47BB9568-A7E8-47D5-B8B5-11C84213A38C}
		{4BC56256-DF10-4253-986C-C9A5AFDE2391} = {47BB9568-A7E8-47D5-B8B5-11C84213A38C}
		{61EBE018-C6AD-4962-A86A-7B831FF296F4} = {0773A1C8-C9CF-4F99-BF11-4D25CFBEC2EC}
		{1A46FA08-2ED7-4791-B766-302C1FF1FF65} = {0773A1C8-C9CF-4F99-BF11-4D25CFBEC2EC}
		{3B63D16A-95FE-4E4B-AF72-4AB062900D57} = {0773A1C8-C9CF-4F99-BF11-4D25CFBEC2EC}
		{90794A17-5AFB-4CCC-BC69-ACC3D814964D} = {0773A1C8-C9CF-4F99-BF11-4D25CFBEC2EC}
		{D16C3FE4-C0D6-43A7-A265-2E8589ADBF6B} = {0773A1C8-C9CF-4F99-BF11-4D25CFBEC2EC}
		{953C2809-03B7-41F0-A3C0-43495755180A} = {EA57108D-2F33-4DB0-9809-AE3F3DCC2444}
		{96612F6B-A99D-47D4-B49F-9A18D1F052C3} = {EA57108D-2F33-4DB0-9809-AE3F3DCC2444}
		{ECBDFA0F-FED1-40AB-883D-F4A28245E418} = {0773A1C8-C9CF-4F99-BF11-4D25CFBEC2EC}
		{80DA1E18-5E91-4B9F-A5B9-16E57E3DB285} = {0773A1C8-C9CF-4F99-BF11-4D25CFBEC2EC}
		{7067F2A7-8546-4A69-9389-2FE3C2F27605} = {0773A1C8-C9CF-4F99-BF11-4D25CFBEC2EC}
		{21919CB9-E53A-4C67-BFFC-177D6941D2C6} = {7067F2A7-8546-4A69-9389-2FE3C2F27605}
		{BAED7A18-6B05-4BE0-B331-552E221B3150} = {7067F2A7-8546-4A69-9389-2FE3C2F27605}
	EndGlobalSection
	GlobalSection(ExtensibilityGlobals) = postSolution
		SolutionGuid = {9006B8A1-C1A9-4AF1-90FF-B54E8A33073B}
	EndGlobalSection
EndGlobal
