
Microsoft Visual Studio Solution File, Format Version 12.00
# Visual Studio Version 16
VisualStudioVersion = 16.0.32126.315
MinimumVisualStudioVersion = 10.0.40219.1
Project("{2150E333-8FDC-42A3-9474-1A3956D46DE8}") = "DotTools", "DotTools", "{47BB9568-A7E8-47D5-B8B5-11C84213A38C}"
EndProject
Project("{FAE04EC0-301F-11D3-BF4B-00C04F79EFBC}") = "DotTool.Config", "DotTools\DotTool.Config\DotTool.Config.csproj", "{B35B5A34-2C79-4297-978F-C1D90AA6C806}"
EndProject
Project("{FAE04EC0-301F-11D3-BF4B-00C04F79EFBC}") = "DotTool.CodeGen", "DotTools\DotTool.CodeGen\DotTool.CodeGen.csproj", "{4BC56256-DF10-4253-986C-C9A5AFDE2391}"
EndProject
Project("{2150E333-8FDC-42A3-9474-1A3956D46DE8}") = "DotDepends", "DotDepends", "{0773A1C8-C9CF-4F99-BF11-4D25CFBEC2EC}"
EndProject
Project("{2150E333-8FDC-42A3-9474-1A3956D46DE8}") = "DotTests", "DotTests", "{EA57108D-2F33-4DB0-9809-AE3F3DCC2444}"
EndProject
Project("{9A19103F-16F7-4668-BE54-9A1E7A4F7556}") = "DotTest.Net.Server", "DotTests\DotTest.Net.Server\DotTest.Net.Server.csproj", "{953C2809-03B7-41F0-A3C0-43495755180A}"
EndProject
Project("{9A19103F-16F7-4668-BE54-9A1E7A4F7556}") = "DotTest.Net.Client", "DotTests\DotTest.Net.Client\DotTest.Net.Client.csproj", "{96612F6B-A99D-47D4-B49F-9A18D1F052C3}"
EndProject
Project("{2150E333-8FDC-42A3-9474-1A3956D46DE8}") = "DotConfig", "DotConfig", "{347B2EC0-8A87-4245-A3FC-1AC56CBE1797}"
EndProject
Project("{FAE04EC0-301F-11D3-BF4B-00C04F79EFBC}") = "ConfigConverter", "DotDepends\DotConfig\ConfigConverter\ConfigConverter.csproj", "{AE43A665-F083-4385-BEC5-742B5A77A2EB}"
EndProject
Project("{FAE04EC0-301F-11D3-BF4B-00C04F79EFBC}") = "DotEditor.Config.Ini", "DotDepends\DotConfig\DotEditor.Config.Ini\DotEditor.Config.Ini.csproj", "{26D17211-D347-4197-BB4C-12C8D6E894F5}"
EndProject
Project("{FAE04EC0-301F-11D3-BF4B-00C04F79EFBC}") = "DotEngine.Config.Ini", "DotDepends\DotConfig\DotEngine.Config.Ini\DotEngine.Config.Ini.csproj", "{F2AEBB54-A3C8-4B7F-8924-CFE417F937FB}"
EndProject
Project("{FAE04EC0-301F-11D3-BF4B-00C04F79EFBC}") = "DotEngine.Config.NDB", "DotDepends\DotConfig\DotEngine.Config.NDB\DotEngine.Config.NDB.csproj", "{5C3B389C-FEB5-4E4F-B85F-8ABBF17F5B99}"
EndProject
Project("{FAE04EC0-301F-11D3-BF4B-00C04F79EFBC}") = "DotEngine.Config.WDB", "DotDepends\DotConfig\DotEngine.Config.WDB\DotEngine.Config.WDB.csproj", "{346F74C4-6542-4940-B4ED-FE2CAC144E2F}"
EndProject
Project("{FAE04EC0-301F-11D3-BF4B-00C04F79EFBC}") = "DotTest.Config", "DotDepends\DotConfig\DotTest.Config\DotTest.Config.csproj", "{9230CE10-5248-4FBB-8704-0A180D359EAA}"
EndProject
Project("{2150E333-8FDC-42A3-9474-1A3956D46DE8}") = "DotLog", "DotLog", "{97FE4216-E9BA-4DB2-8334-ECB3AF2B538B}"
EndProject
Project("{FAE04EC0-301F-11D3-BF4B-00C04F79EFBC}") = "DotEditor.Log", "DotDepends\DotLog\DotEditor.Log\DotEditor.Log.csproj", "{90794A17-5AFB-4CCC-BC69-ACC3D814964D}"
EndProject
Project("{FAE04EC0-301F-11D3-BF4B-00C04F79EFBC}") = "DotEngine.Log", "DotDepends\DotLog\DotEngine.Log\DotEngine.Log.csproj", "{61EBE018-C6AD-4962-A86A-7B831FF296F4}"
EndProject
Project("{2150E333-8FDC-42A3-9474-1A3956D46DE8}") = "DotNet", "DotNet", "{3EDEB984-B592-4B30-9130-DD41B857487F}"
EndProject
Project("{FAE04EC0-301F-11D3-BF4B-00C04F79EFBC}") = "DotEngine.Net", "DotDepends\DotNet\DotEngine.Net\DotEngine.Net.csproj", "{D16C3FE4-C0D6-43A7-A265-2E8589ADBF6B}"
EndProject
Project("{FAE04EC0-301F-11D3-BF4B-00C04F79EFBC}") = "DotTool.PBConfig", "DotDepends\DotNet\DotTool.PBConfig\DotTool.PBConfig.csproj", "{D048E97E-B1CD-40AB-BFE6-33168A8224BE}"
EndProject
Project("{FAE04EC0-301F-11D3-BF4B-00C04F79EFBC}") = "PBConfigConverter", "DotDepends\DotNet\PBConverter\PBConfigConverter.csproj", "{EFBA2026-59FB-4D90-95A3-4C4F9E6861D2}"
EndProject
Project("{2150E333-8FDC-42A3-9474-1A3956D46DE8}") = "DotCore", "DotCore", "{A87C6D2D-3124-4736-A53D-7C98507F9EBC}"
EndProject
Project("{FAE04EC0-301F-11D3-BF4B-00C04F79EFBC}") = "DotEngine.Core", "DotDepends\DotCore\DotEngine.Core\DotEngine.Core.csproj", "{3B63D16A-95FE-4E4B-AF72-4AB062900D57}"
EndProject
Project("{2150E333-8FDC-42A3-9474-1A3956D46DE8}") = "DotUnity", "DotUnity", "{5664D8CB-E200-4293-8E29-522CCC786914}"
EndProject
Project("{2150E333-8FDC-42A3-9474-1A3956D46DE8}") = "DotUIElements", "DotUIElements", "{4D438C16-CDAB-48A9-97F2-0337C54353AC}"
EndProject
Project("{FAE04EC0-301F-11D3-BF4B-00C04F79EFBC}") = "DotEditor", "DotUnity\DotEditor\DotEditor.csproj", "{E5AC7BED-B604-4E77-9472-895E8433E9D4}"
EndProject
Project("{FAE04EC0-301F-11D3-BF4B-00C04F79EFBC}") = "DotEngine", "DotUnity\DotEngine\DotEngine.csproj", "{906A63F2-E8B6-4F50-85F0-844C73C8DCDC}"
EndProject
Project("{FAE04EC0-301F-11D3-BF4B-00C04F79EFBC}") = "DotEditor.UIElements", "DotUnity\DotUIElements\DotEditor.UIElements\DotEditor.UIElements.csproj", "{21919CB9-E53A-4C67-BFFC-177D6941D2C6}"
EndProject
Project("{FAE04EC0-301F-11D3-BF4B-00C04F79EFBC}") = "DotEngine.UIElements", "DotUnity\DotUIElements\DotEngine.UIElements\DotEngine.UIElements.csproj", "{BAED7A18-6B05-4BE0-B331-552E221B3150}"
EndProject
Project("{2150E333-8FDC-42A3-9474-1A3956D46DE8}") = "DotInjection", "DotInjection", "{4D5C34A9-6A52-47CC-B57F-1F07CC21BCF7}"
EndProject
Project("{FAE04EC0-301F-11D3-BF4B-00C04F79EFBC}") = "DotEngine.Injection", "DotDepends\DotInjection\DotEngine.Injection\DotEngine.Injection.csproj", "{80DA1E18-5E91-4B9F-A5B9-16E57E3DB285}"
EndProject
Global
	GlobalSection(SolutionConfigurationPlatforms) = preSolution
		Debug|Any CPU = Debug|Any CPU
		Debug|x64 = Debug|x64
		Debug|x86 = Debug|x86
		Release|Any CPU = Release|Any CPU
		Release|x64 = Release|x64
		Release|x86 = Release|x86
	EndGlobalSection
	GlobalSection(ProjectConfigurationPlatforms) = postSolution
		{B35B5A34-2C79-4297-978F-C1D90AA6C806}.Debug|Any CPU.ActiveCfg = Debug|Any CPU
		{B35B5A34-2C79-4297-978F-C1D90AA6C806}.Debug|Any CPU.Build.0 = Debug|Any CPU
		{B35B5A34-2C79-4297-978F-C1D90AA6C806}.Debug|x64.ActiveCfg = Debug|Any CPU
		{B35B5A34-2C79-4297-978F-C1D90AA6C806}.Debug|x64.Build.0 = Debug|Any CPU
		{B35B5A34-2C79-4297-978F-C1D90AA6C806}.Debug|x86.ActiveCfg = Debug|Any CPU
		{B35B5A34-2C79-4297-978F-C1D90AA6C806}.Debug|x86.Build.0 = Debug|Any CPU
		{B35B5A34-2C79-4297-978F-C1D90AA6C806}.Release|Any CPU.ActiveCfg = Release|Any CPU
		{B35B5A34-2C79-4297-978F-C1D90AA6C806}.Release|Any CPU.Build.0 = Release|Any CPU
		{B35B5A34-2C79-4297-978F-C1D90AA6C806}.Release|x64.ActiveCfg = Release|Any CPU
		{B35B5A34-2C79-4297-978F-C1D90AA6C806}.Release|x64.Build.0 = Release|Any CPU
		{B35B5A34-2C79-4297-978F-C1D90AA6C806}.Release|x86.ActiveCfg = Release|Any CPU
		{B35B5A34-2C79-4297-978F-C1D90AA6C806}.Release|x86.Build.0 = Release|Any CPU
		{4BC56256-DF10-4253-986C-C9A5AFDE2391}.Debug|Any CPU.ActiveCfg = Debug|Any CPU
		{4BC56256-DF10-4253-986C-C9A5AFDE2391}.Debug|Any CPU.Build.0 = Debug|Any CPU
		{4BC56256-DF10-4253-986C-C9A5AFDE2391}.Debug|x64.ActiveCfg = Debug|Any CPU
		{4BC56256-DF10-4253-986C-C9A5AFDE2391}.Debug|x64.Build.0 = Debug|Any CPU
		{4BC56256-DF10-4253-986C-C9A5AFDE2391}.Debug|x86.ActiveCfg = Debug|Any CPU
		{4BC56256-DF10-4253-986C-C9A5AFDE2391}.Debug|x86.Build.0 = Debug|Any CPU
		{4BC56256-DF10-4253-986C-C9A5AFDE2391}.Release|Any CPU.ActiveCfg = Release|Any CPU
		{4BC56256-DF10-4253-986C-C9A5AFDE2391}.Release|Any CPU.Build.0 = Release|Any CPU
		{4BC56256-DF10-4253-986C-C9A5AFDE2391}.Release|x64.ActiveCfg = Release|Any CPU
		{4BC56256-DF10-4253-986C-C9A5AFDE2391}.Release|x64.Build.0 = Release|Any CPU
		{4BC56256-DF10-4253-986C-C9A5AFDE2391}.Release|x86.ActiveCfg = Release|Any CPU
		{4BC56256-DF10-4253-986C-C9A5AFDE2391}.Release|x86.Build.0 = Release|Any CPU
		{953C2809-03B7-41F0-A3C0-43495755180A}.Debug|Any CPU.ActiveCfg = Debug|Any CPU
		{953C2809-03B7-41F0-A3C0-43495755180A}.Debug|Any CPU.Build.0 = Debug|Any CPU
		{953C2809-03B7-41F0-A3C0-43495755180A}.Debug|x64.ActiveCfg = Debug|Any CPU
		{953C2809-03B7-41F0-A3C0-43495755180A}.Debug|x64.Build.0 = Debug|Any CPU
		{953C2809-03B7-41F0-A3C0-43495755180A}.Debug|x86.ActiveCfg = Debug|Any CPU
		{953C2809-03B7-41F0-A3C0-43495755180A}.Debug|x86.Build.0 = Debug|Any CPU
		{953C2809-03B7-41F0-A3C0-43495755180A}.Release|Any CPU.ActiveCfg = Release|Any CPU
		{953C2809-03B7-41F0-A3C0-43495755180A}.Release|Any CPU.Build.0 = Release|Any CPU
		{953C2809-03B7-41F0-A3C0-43495755180A}.Release|x64.ActiveCfg = Release|Any CPU
		{953C2809-03B7-41F0-A3C0-43495755180A}.Release|x64.Build.0 = Release|Any CPU
		{953C2809-03B7-41F0-A3C0-43495755180A}.Release|x86.ActiveCfg = Release|Any CPU
		{953C2809-03B7-41F0-A3C0-43495755180A}.Release|x86.Build.0 = Release|Any CPU
		{96612F6B-A99D-47D4-B49F-9A18D1F052C3}.Debug|Any CPU.ActiveCfg = Debug|Any CPU
		{96612F6B-A99D-47D4-B49F-9A18D1F052C3}.Debug|Any CPU.Build.0 = Debug|Any CPU
		{96612F6B-A99D-47D4-B49F-9A18D1F052C3}.Debug|x64.ActiveCfg = Debug|Any CPU
		{96612F6B-A99D-47D4-B49F-9A18D1F052C3}.Debug|x64.Build.0 = Debug|Any CPU
		{96612F6B-A99D-47D4-B49F-9A18D1F052C3}.Debug|x86.ActiveCfg = Debug|Any CPU
		{96612F6B-A99D-47D4-B49F-9A18D1F052C3}.Debug|x86.Build.0 = Debug|Any CPU
		{96612F6B-A99D-47D4-B49F-9A18D1F052C3}.Release|Any CPU.ActiveCfg = Release|Any CPU
		{96612F6B-A99D-47D4-B49F-9A18D1F052C3}.Release|Any CPU.Build.0 = Release|Any CPU
		{96612F6B-A99D-47D4-B49F-9A18D1F052C3}.Release|x64.ActiveCfg = Release|Any CPU
		{96612F6B-A99D-47D4-B49F-9A18D1F052C3}.Release|x64.Build.0 = Release|Any CPU
		{96612F6B-A99D-47D4-B49F-9A18D1F052C3}.Release|x86.ActiveCfg = Release|Any CPU
		{96612F6B-A99D-47D4-B49F-9A18D1F052C3}.Release|x86.Build.0 = Release|Any CPU
		{AE43A665-F083-4385-BEC5-742B5A77A2EB}.Debug|Any CPU.ActiveCfg = Debug|Any CPU
		{AE43A665-F083-4385-BEC5-742B5A77A2EB}.Debug|Any CPU.Build.0 = Debug|Any CPU
		{AE43A665-F083-4385-BEC5-742B5A77A2EB}.Debug|x64.ActiveCfg = Debug|Any CPU
		{AE43A665-F083-4385-BEC5-742B5A77A2EB}.Debug|x64.Build.0 = Debug|Any CPU
		{AE43A665-F083-4385-BEC5-742B5A77A2EB}.Debug|x86.ActiveCfg = Debug|Any CPU
		{AE43A665-F083-4385-BEC5-742B5A77A2EB}.Debug|x86.Build.0 = Debug|Any CPU
		{AE43A665-F083-4385-BEC5-742B5A77A2EB}.Release|Any CPU.ActiveCfg = Release|Any CPU
		{AE43A665-F083-4385-BEC5-742B5A77A2EB}.Release|Any CPU.Build.0 = Release|Any CPU
		{AE43A665-F083-4385-BEC5-742B5A77A2EB}.Release|x64.ActiveCfg = Release|Any CPU
		{AE43A665-F083-4385-BEC5-742B5A77A2EB}.Release|x64.Build.0 = Release|Any CPU
		{AE43A665-F083-4385-BEC5-742B5A77A2EB}.Release|x86.ActiveCfg = Release|Any CPU
		{AE43A665-F083-4385-BEC5-742B5A77A2EB}.Release|x86.Build.0 = Release|Any CPU
		{26D17211-D347-4197-BB4C-12C8D6E894F5}.Debug|Any CPU.ActiveCfg = Debug|Any CPU
		{26D17211-D347-4197-BB4C-12C8D6E894F5}.Debug|Any CPU.Build.0 = Debug|Any CPU
		{26D17211-D347-4197-BB4C-12C8D6E894F5}.Debug|x64.ActiveCfg = Debug|Any CPU
		{26D17211-D347-4197-BB4C-12C8D6E894F5}.Debug|x64.Build.0 = Debug|Any CPU
		{26D17211-D347-4197-BB4C-12C8D6E894F5}.Debug|x86.ActiveCfg = Debug|Any CPU
		{26D17211-D347-4197-BB4C-12C8D6E894F5}.Debug|x86.Build.0 = Debug|Any CPU
		{26D17211-D347-4197-BB4C-12C8D6E894F5}.Release|Any CPU.ActiveCfg = Release|Any CPU
		{26D17211-D347-4197-BB4C-12C8D6E894F5}.Release|Any CPU.Build.0 = Release|Any CPU
		{26D17211-D347-4197-BB4C-12C8D6E894F5}.Release|x64.ActiveCfg = Release|Any CPU
		{26D17211-D347-4197-BB4C-12C8D6E894F5}.Release|x64.Build.0 = Release|Any CPU
		{26D17211-D347-4197-BB4C-12C8D6E894F5}.Release|x86.ActiveCfg = Release|Any CPU
		{26D17211-D347-4197-BB4C-12C8D6E894F5}.Release|x86.Build.0 = Release|Any CPU
		{F2AEBB54-A3C8-4B7F-8924-CFE417F937FB}.Debug|Any CPU.ActiveCfg = Debug|Any CPU
		{F2AEBB54-A3C8-4B7F-8924-CFE417F937FB}.Debug|Any CPU.Build.0 = Debug|Any CPU
		{F2AEBB54-A3C8-4B7F-8924-CFE417F937FB}.Debug|x64.ActiveCfg = Debug|Any CPU
		{F2AEBB54-A3C8-4B7F-8924-CFE417F937FB}.Debug|x64.Build.0 = Debug|Any CPU
		{F2AEBB54-A3C8-4B7F-8924-CFE417F937FB}.Debug|x86.ActiveCfg = Debug|Any CPU
		{F2AEBB54-A3C8-4B7F-8924-CFE417F937FB}.Debug|x86.Build.0 = Debug|Any CPU
		{F2AEBB54-A3C8-4B7F-8924-CFE417F937FB}.Release|Any CPU.ActiveCfg = Release|Any CPU
		{F2AEBB54-A3C8-4B7F-8924-CFE417F937FB}.Release|Any CPU.Build.0 = Release|Any CPU
		{F2AEBB54-A3C8-4B7F-8924-CFE417F937FB}.Release|x64.ActiveCfg = Release|Any CPU
		{F2AEBB54-A3C8-4B7F-8924-CFE417F937FB}.Release|x64.Build.0 = Release|Any CPU
		{F2AEBB54-A3C8-4B7F-8924-CFE417F937FB}.Release|x86.ActiveCfg = Release|Any CPU
		{F2AEBB54-A3C8-4B7F-8924-CFE417F937FB}.Release|x86.Build.0 = Release|Any CPU
		{5C3B389C-FEB5-4E4F-B85F-8ABBF17F5B99}.Debug|Any CPU.ActiveCfg = Debug|Any CPU
		{5C3B389C-FEB5-4E4F-B85F-8ABBF17F5B99}.Debug|Any CPU.Build.0 = Debug|Any CPU
		{5C3B389C-FEB5-4E4F-B85F-8ABBF17F5B99}.Debug|x64.ActiveCfg = Debug|Any CPU
		{5C3B389C-FEB5-4E4F-B85F-8ABBF17F5B99}.Debug|x64.Build.0 = Debug|Any CPU
		{5C3B389C-FEB5-4E4F-B85F-8ABBF17F5B99}.Debug|x86.ActiveCfg = Debug|Any CPU
		{5C3B389C-FEB5-4E4F-B85F-8ABBF17F5B99}.Debug|x86.Build.0 = Debug|Any CPU
		{5C3B389C-FEB5-4E4F-B85F-8ABBF17F5B99}.Release|Any CPU.ActiveCfg = Release|Any CPU
		{5C3B389C-FEB5-4E4F-B85F-8ABBF17F5B99}.Release|Any CPU.Build.0 = Release|Any CPU
		{5C3B389C-FEB5-4E4F-B85F-8ABBF17F5B99}.Release|x64.ActiveCfg = Release|Any CPU
		{5C3B389C-FEB5-4E4F-B85F-8ABBF17F5B99}.Release|x64.Build.0 = Release|Any CPU
		{5C3B389C-FEB5-4E4F-B85F-8ABBF17F5B99}.Release|x86.ActiveCfg = Release|Any CPU
		{5C3B389C-FEB5-4E4F-B85F-8ABBF17F5B99}.Release|x86.Build.0 = Release|Any CPU
		{346F74C4-6542-4940-B4ED-FE2CAC144E2F}.Debug|Any CPU.ActiveCfg = Debug|Any CPU
		{346F74C4-6542-4940-B4ED-FE2CAC144E2F}.Debug|Any CPU.Build.0 = Debug|Any CPU
		{346F74C4-6542-4940-B4ED-FE2CAC144E2F}.Debug|x64.ActiveCfg = Debug|Any CPU
		{346F74C4-6542-4940-B4ED-FE2CAC144E2F}.Debug|x64.Build.0 = Debug|Any CPU
		{346F74C4-6542-4940-B4ED-FE2CAC144E2F}.Debug|x86.ActiveCfg = Debug|Any CPU
		{346F74C4-6542-4940-B4ED-FE2CAC144E2F}.Debug|x86.Build.0 = Debug|Any CPU
		{346F74C4-6542-4940-B4ED-FE2CAC144E2F}.Release|Any CPU.ActiveCfg = Release|Any CPU
		{346F74C4-6542-4940-B4ED-FE2CAC144E2F}.Release|Any CPU.Build.0 = Release|Any CPU
		{346F74C4-6542-4940-B4ED-FE2CAC144E2F}.Release|x64.ActiveCfg = Release|Any CPU
		{346F74C4-6542-4940-B4ED-FE2CAC144E2F}.Release|x64.Build.0 = Release|Any CPU
		{346F74C4-6542-4940-B4ED-FE2CAC144E2F}.Release|x86.ActiveCfg = Release|Any CPU
		{346F74C4-6542-4940-B4ED-FE2CAC144E2F}.Release|x86.Build.0 = Release|Any CPU
		{9230CE10-5248-4FBB-8704-0A180D359EAA}.Debug|Any CPU.ActiveCfg = Debug|Any CPU
		{9230CE10-5248-4FBB-8704-0A180D359EAA}.Debug|Any CPU.Build.0 = Debug|Any CPU
		{9230CE10-5248-4FBB-8704-0A180D359EAA}.Debug|x64.ActiveCfg = Debug|Any CPU
		{9230CE10-5248-4FBB-8704-0A180D359EAA}.Debug|x64.Build.0 = Debug|Any CPU
		{9230CE10-5248-4FBB-8704-0A180D359EAA}.Debug|x86.ActiveCfg = Debug|Any CPU
		{9230CE10-5248-4FBB-8704-0A180D359EAA}.Debug|x86.Build.0 = Debug|Any CPU
		{9230CE10-5248-4FBB-8704-0A180D359EAA}.Release|Any CPU.ActiveCfg = Release|Any CPU
		{9230CE10-5248-4FBB-8704-0A180D359EAA}.Release|Any CPU.Build.0 = Release|Any CPU
		{9230CE10-5248-4FBB-8704-0A180D359EAA}.Release|x64.ActiveCfg = Release|Any CPU
		{9230CE10-5248-4FBB-8704-0A180D359EAA}.Release|x64.Build.0 = Release|Any CPU
		{9230CE10-5248-4FBB-8704-0A180D359EAA}.Release|x86.ActiveCfg = Release|Any CPU
		{9230CE10-5248-4FBB-8704-0A180D359EAA}.Release|x86.Build.0 = Release|Any CPU
		{90794A17-5AFB-4CCC-BC69-ACC3D814964D}.Debug|Any CPU.ActiveCfg = Debug|Any CPU
		{90794A17-5AFB-4CCC-BC69-ACC3D814964D}.Debug|Any CPU.Build.0 = Debug|Any CPU
		{90794A17-5AFB-4CCC-BC69-ACC3D814964D}.Debug|x64.ActiveCfg = Debug|Any CPU
		{90794A17-5AFB-4CCC-BC69-ACC3D814964D}.Debug|x64.Build.0 = Debug|Any CPU
		{90794A17-5AFB-4CCC-BC69-ACC3D814964D}.Debug|x86.ActiveCfg = Debug|Any CPU
		{90794A17-5AFB-4CCC-BC69-ACC3D814964D}.Debug|x86.Build.0 = Debug|Any CPU
		{90794A17-5AFB-4CCC-BC69-ACC3D814964D}.Release|Any CPU.ActiveCfg = Release|Any CPU
		{90794A17-5AFB-4CCC-BC69-ACC3D814964D}.Release|Any CPU.Build.0 = Release|Any CPU
		{90794A17-5AFB-4CCC-BC69-ACC3D814964D}.Release|x64.ActiveCfg = Release|Any CPU
		{90794A17-5AFB-4CCC-BC69-ACC3D814964D}.Release|x64.Build.0 = Release|Any CPU
		{90794A17-5AFB-4CCC-BC69-ACC3D814964D}.Release|x86.ActiveCfg = Release|Any CPU
		{90794A17-5AFB-4CCC-BC69-ACC3D814964D}.Release|x86.Build.0 = Release|Any CPU
		{61EBE018-C6AD-4962-A86A-7B831FF296F4}.Debug|Any CPU.ActiveCfg = Debug|Any CPU
		{61EBE018-C6AD-4962-A86A-7B831FF296F4}.Debug|Any CPU.Build.0 = Debug|Any CPU
		{61EBE018-C6AD-4962-A86A-7B831FF296F4}.Debug|x64.ActiveCfg = Debug|Any CPU
		{61EBE018-C6AD-4962-A86A-7B831FF296F4}.Debug|x64.Build.0 = Debug|Any CPU
		{61EBE018-C6AD-4962-A86A-7B831FF296F4}.Debug|x86.ActiveCfg = Debug|Any CPU
		{61EBE018-C6AD-4962-A86A-7B831FF296F4}.Debug|x86.Build.0 = Debug|Any CPU
		{61EBE018-C6AD-4962-A86A-7B831FF296F4}.Release|Any CPU.ActiveCfg = Release|Any CPU
		{61EBE018-C6AD-4962-A86A-7B831FF296F4}.Release|Any CPU.Build.0 = Release|Any CPU
		{61EBE018-C6AD-4962-A86A-7B831FF296F4}.Release|x64.ActiveCfg = Release|Any CPU
		{61EBE018-C6AD-4962-A86A-7B831FF296F4}.Release|x64.Build.0 = Release|Any CPU
		{61EBE018-C6AD-4962-A86A-7B831FF296F4}.Release|x86.ActiveCfg = Release|Any CPU
		{61EBE018-C6AD-4962-A86A-7B831FF296F4}.Release|x86.Build.0 = Release|Any CPU
		{D16C3FE4-C0D6-43A7-A265-2E8589ADBF6B}.Debug|Any CPU.ActiveCfg = Debug|Any CPU
		{D16C3FE4-C0D6-43A7-A265-2E8589ADBF6B}.Debug|Any CPU.Build.0 = Debug|Any CPU
		{D16C3FE4-C0D6-43A7-A265-2E8589ADBF6B}.Debug|x64.ActiveCfg = Debug|Any CPU
		{D16C3FE4-C0D6-43A7-A265-2E8589ADBF6B}.Debug|x64.Build.0 = Debug|Any CPU
		{D16C3FE4-C0D6-43A7-A265-2E8589ADBF6B}.Debug|x86.ActiveCfg = Debug|Any CPU
		{D16C3FE4-C0D6-43A7-A265-2E8589ADBF6B}.Debug|x86.Build.0 = Debug|Any CPU
		{D16C3FE4-C0D6-43A7-A265-2E8589ADBF6B}.Release|Any CPU.ActiveCfg = Release|Any CPU
		{D16C3FE4-C0D6-43A7-A265-2E8589ADBF6B}.Release|Any CPU.Build.0 = Release|Any CPU
		{D16C3FE4-C0D6-43A7-A265-2E8589ADBF6B}.Release|x64.ActiveCfg = Release|Any CPU
		{D16C3FE4-C0D6-43A7-A265-2E8589ADBF6B}.Release|x64.Build.0 = Release|Any CPU
		{D16C3FE4-C0D6-43A7-A265-2E8589ADBF6B}.Release|x86.ActiveCfg = Release|Any CPU
		{D16C3FE4-C0D6-43A7-A265-2E8589ADBF6B}.Release|x86.Build.0 = Release|Any CPU
		{D048E97E-B1CD-40AB-BFE6-33168A8224BE}.Debug|Any CPU.ActiveCfg = Debug|Any CPU
		{D048E97E-B1CD-40AB-BFE6-33168A8224BE}.Debug|Any CPU.Build.0 = Debug|Any CPU
		{D048E97E-B1CD-40AB-BFE6-33168A8224BE}.Debug|x64.ActiveCfg = Debug|Any CPU
		{D048E97E-B1CD-40AB-BFE6-33168A8224BE}.Debug|x64.Build.0 = Debug|Any CPU
		{D048E97E-B1CD-40AB-BFE6-33168A8224BE}.Debug|x86.ActiveCfg = Debug|Any CPU
		{D048E97E-B1CD-40AB-BFE6-33168A8224BE}.Debug|x86.Build.0 = Debug|Any CPU
		{D048E97E-B1CD-40AB-BFE6-33168A8224BE}.Release|Any CPU.ActiveCfg = Release|Any CPU
		{D048E97E-B1CD-40AB-BFE6-33168A8224BE}.Release|Any CPU.Build.0 = Release|Any CPU
		{D048E97E-B1CD-40AB-BFE6-33168A8224BE}.Release|x64.ActiveCfg = Release|Any CPU
		{D048E97E-B1CD-40AB-BFE6-33168A8224BE}.Release|x64.Build.0 = Release|Any CPU
		{D048E97E-B1CD-40AB-BFE6-33168A8224BE}.Release|x86.ActiveCfg = Release|Any CPU
		{D048E97E-B1CD-40AB-BFE6-33168A8224BE}.Release|x86.Build.0 = Release|Any CPU
		{EFBA2026-59FB-4D90-95A3-4C4F9E6861D2}.Debug|Any CPU.ActiveCfg = Debug|Any CPU
		{EFBA2026-59FB-4D90-95A3-4C4F9E6861D2}.Debug|Any CPU.Build.0 = Debug|Any CPU
		{EFBA2026-59FB-4D90-95A3-4C4F9E6861D2}.Debug|x64.ActiveCfg = Debug|Any CPU
		{EFBA2026-59FB-4D90-95A3-4C4F9E6861D2}.Debug|x64.Build.0 = Debug|Any CPU
		{EFBA2026-59FB-4D90-95A3-4C4F9E6861D2}.Debug|x86.ActiveCfg = Debug|Any CPU
		{EFBA2026-59FB-4D90-95A3-4C4F9E6861D2}.Debug|x86.Build.0 = Debug|Any CPU
		{EFBA2026-59FB-4D90-95A3-4C4F9E6861D2}.Release|Any CPU.ActiveCfg = Release|Any CPU
		{EFBA2026-59FB-4D90-95A3-4C4F9E6861D2}.Release|Any CPU.Build.0 = Release|Any CPU
		{EFBA2026-59FB-4D90-95A3-4C4F9E6861D2}.Release|x64.ActiveCfg = Release|Any CPU
		{EFBA2026-59FB-4D90-95A3-4C4F9E6861D2}.Release|x64.Build.0 = Release|Any CPU
		{EFBA2026-59FB-4D90-95A3-4C4F9E6861D2}.Release|x86.ActiveCfg = Release|Any CPU
		{EFBA2026-59FB-4D90-95A3-4C4F9E6861D2}.Release|x86.Build.0 = Release|Any CPU
		{3B63D16A-95FE-4E4B-AF72-4AB062900D57}.Debug|Any CPU.ActiveCfg = Debug|Any CPU
		{3B63D16A-95FE-4E4B-AF72-4AB062900D57}.Debug|Any CPU.Build.0 = Debug|Any CPU
		{3B63D16A-95FE-4E4B-AF72-4AB062900D57}.Debug|x64.ActiveCfg = Debug|Any CPU
		{3B63D16A-95FE-4E4B-AF72-4AB062900D57}.Debug|x64.Build.0 = Debug|Any CPU
		{3B63D16A-95FE-4E4B-AF72-4AB062900D57}.Debug|x86.ActiveCfg = Debug|Any CPU
		{3B63D16A-95FE-4E4B-AF72-4AB062900D57}.Debug|x86.Build.0 = Debug|Any CPU
		{3B63D16A-95FE-4E4B-AF72-4AB062900D57}.Release|Any CPU.ActiveCfg = Release|Any CPU
		{3B63D16A-95FE-4E4B-AF72-4AB062900D57}.Release|Any CPU.Build.0 = Release|Any CPU
		{3B63D16A-95FE-4E4B-AF72-4AB062900D57}.Release|x64.ActiveCfg = Release|Any CPU
		{3B63D16A-95FE-4E4B-AF72-4AB062900D57}.Release|x64.Build.0 = Release|Any CPU
		{3B63D16A-95FE-4E4B-AF72-4AB062900D57}.Release|x86.ActiveCfg = Release|Any CPU
		{3B63D16A-95FE-4E4B-AF72-4AB062900D57}.Release|x86.Build.0 = Release|Any CPU
		{E5AC7BED-B604-4E77-9472-895E8433E9D4}.Debug|Any CPU.ActiveCfg = Debug|Any CPU
		{E5AC7BED-B604-4E77-9472-895E8433E9D4}.Debug|Any CPU.Build.0 = Debug|Any CPU
		{E5AC7BED-B604-4E77-9472-895E8433E9D4}.Debug|x64.ActiveCfg = Debug|Any CPU
		{E5AC7BED-B604-4E77-9472-895E8433E9D4}.Debug|x64.Build.0 = Debug|Any CPU
		{E5AC7BED-B604-4E77-9472-895E8433E9D4}.Debug|x86.ActiveCfg = Debug|Any CPU
		{E5AC7BED-B604-4E77-9472-895E8433E9D4}.Debug|x86.Build.0 = Debug|Any CPU
		{E5AC7BED-B604-4E77-9472-895E8433E9D4}.Release|Any CPU.ActiveCfg = Release|Any CPU
		{E5AC7BED-B604-4E77-9472-895E8433E9D4}.Release|Any CPU.Build.0 = Release|Any CPU
		{E5AC7BED-B604-4E77-9472-895E8433E9D4}.Release|x64.ActiveCfg = Release|Any CPU
		{E5AC7BED-B604-4E77-9472-895E8433E9D4}.Release|x64.Build.0 = Release|Any CPU
		{E5AC7BED-B604-4E77-9472-895E8433E9D4}.Release|x86.ActiveCfg = Release|Any CPU
		{E5AC7BED-B604-4E77-9472-895E8433E9D4}.Release|x86.Build.0 = Release|Any CPU
		{906A63F2-E8B6-4F50-85F0-844C73C8DCDC}.Debug|Any CPU.ActiveCfg = Debug|Any CPU
		{906A63F2-E8B6-4F50-85F0-844C73C8DCDC}.Debug|Any CPU.Build.0 = Debug|Any CPU
		{906A63F2-E8B6-4F50-85F0-844C73C8DCDC}.Debug|x64.ActiveCfg = Debug|Any CPU
		{906A63F2-E8B6-4F50-85F0-844C73C8DCDC}.Debug|x64.Build.0 = Debug|Any CPU
		{906A63F2-E8B6-4F50-85F0-844C73C8DCDC}.Debug|x86.ActiveCfg = Debug|Any CPU
		{906A63F2-E8B6-4F50-85F0-844C73C8DCDC}.Debug|x86.Build.0 = Debug|Any CPU
		{906A63F2-E8B6-4F50-85F0-844C73C8DCDC}.Release|Any CPU.ActiveCfg = Release|Any CPU
		{906A63F2-E8B6-4F50-85F0-844C73C8DCDC}.Release|Any CPU.Build.0 = Release|Any CPU
		{906A63F2-E8B6-4F50-85F0-844C73C8DCDC}.Release|x64.ActiveCfg = Release|Any CPU
		{906A63F2-E8B6-4F50-85F0-844C73C8DCDC}.Release|x64.Build.0 = Release|Any CPU
		{906A63F2-E8B6-4F50-85F0-844C73C8DCDC}.Release|x86.ActiveCfg = Release|Any CPU
		{906A63F2-E8B6-4F50-85F0-844C73C8DCDC}.Release|x86.Build.0 = Release|Any CPU
		{21919CB9-E53A-4C67-BFFC-177D6941D2C6}.Debug|Any CPU.ActiveCfg = Debug|Any CPU
		{21919CB9-E53A-4C67-BFFC-177D6941D2C6}.Debug|Any CPU.Build.0 = Debug|Any CPU
		{21919CB9-E53A-4C67-BFFC-177D6941D2C6}.Debug|x64.ActiveCfg = Debug|Any CPU
		{21919CB9-E53A-4C67-BFFC-177D6941D2C6}.Debug|x64.Build.0 = Debug|Any CPU
		{21919CB9-E53A-4C67-BFFC-177D6941D2C6}.Debug|x86.ActiveCfg = Debug|Any CPU
		{21919CB9-E53A-4C67-BFFC-177D6941D2C6}.Debug|x86.Build.0 = Debug|Any CPU
		{21919CB9-E53A-4C67-BFFC-177D6941D2C6}.Release|Any CPU.ActiveCfg = Release|Any CPU
		{21919CB9-E53A-4C67-BFFC-177D6941D2C6}.Release|Any CPU.Build.0 = Release|Any CPU
		{21919CB9-E53A-4C67-BFFC-177D6941D2C6}.Release|x64.ActiveCfg = Release|Any CPU
		{21919CB9-E53A-4C67-BFFC-177D6941D2C6}.Release|x64.Build.0 = Release|Any CPU
		{21919CB9-E53A-4C67-BFFC-177D6941D2C6}.Release|x86.ActiveCfg = Release|Any CPU
		{21919CB9-E53A-4C67-BFFC-177D6941D2C6}.Release|x86.Build.0 = Release|Any CPU
		{BAED7A18-6B05-4BE0-B331-552E221B3150}.Debug|Any CPU.ActiveCfg = Debug|Any CPU
		{BAED7A18-6B05-4BE0-B331-552E221B3150}.Debug|Any CPU.Build.0 = Debug|Any CPU
		{BAED7A18-6B05-4BE0-B331-552E221B3150}.Debug|x64.ActiveCfg = Debug|Any CPU
		{BAED7A18-6B05-4BE0-B331-552E221B3150}.Debug|x64.Build.0 = Debug|Any CPU
		{BAED7A18-6B05-4BE0-B331-552E221B3150}.Debug|x86.ActiveCfg = Debug|Any CPU
		{BAED7A18-6B05-4BE0-B331-552E221B3150}.Debug|x86.Build.0 = Debug|Any CPU
		{BAED7A18-6B05-4BE0-B331-552E221B3150}.Release|Any CPU.ActiveCfg = Release|Any CPU
		{BAED7A18-6B05-4BE0-B331-552E221B3150}.Release|Any CPU.Build.0 = Release|Any CPU
		{BAED7A18-6B05-4BE0-B331-552E221B3150}.Release|x64.ActiveCfg = Release|Any CPU
		{BAED7A18-6B05-4BE0-B331-552E221B3150}.Release|x64.Build.0 = Release|Any CPU
		{BAED7A18-6B05-4BE0-B331-552E221B3150}.Release|x86.ActiveCfg = Release|Any CPU
		{BAED7A18-6B05-4BE0-B331-552E221B3150}.Release|x86.Build.0 = Release|Any CPU
		{80DA1E18-5E91-4B9F-A5B9-16E57E3DB285}.Debug|Any CPU.ActiveCfg = Debug|Any CPU
		{80DA1E18-5E91-4B9F-A5B9-16E57E3DB285}.Debug|Any CPU.Build.0 = Debug|Any CPU
		{80DA1E18-5E91-4B9F-A5B9-16E57E3DB285}.Debug|x64.ActiveCfg = Debug|Any CPU
		{80DA1E18-5E91-4B9F-A5B9-16E57E3DB285}.Debug|x64.Build.0 = Debug|Any CPU
		{80DA1E18-5E91-4B9F-A5B9-16E57E3DB285}.Debug|x86.ActiveCfg = Debug|Any CPU
		{80DA1E18-5E91-4B9F-A5B9-16E57E3DB285}.Debug|x86.Build.0 = Debug|Any CPU
		{80DA1E18-5E91-4B9F-A5B9-16E57E3DB285}.Release|Any CPU.ActiveCfg = Release|Any CPU
		{80DA1E18-5E91-4B9F-A5B9-16E57E3DB285}.Release|Any CPU.Build.0 = Release|Any CPU
		{80DA1E18-5E91-4B9F-A5B9-16E57E3DB285}.Release|x64.ActiveCfg = Release|Any CPU
		{80DA1E18-5E91-4B9F-A5B9-16E57E3DB285}.Release|x64.Build.0 = Release|Any CPU
		{80DA1E18-5E91-4B9F-A5B9-16E57E3DB285}.Release|x86.ActiveCfg = Release|Any CPU
		{80DA1E18-5E91-4B9F-A5B9-16E57E3DB285}.Release|x86.Build.0 = Release|Any CPU
	EndGlobalSection
	GlobalSection(SolutionProperties) = preSolution
		HideSolutionNode = FALSE
	EndGlobalSection
	GlobalSection(NestedProjects) = preSolution
		{B35B5A34-2C79-4297-978F-C1D90AA6C806} = {47BB9568-A7E8-47D5-B8B5-11C84213A38C}
		{4BC56256-DF10-4253-986C-C9A5AFDE2391} = {47BB9568-A7E8-47D5-B8B5-11C84213A38C}
		{953C2809-03B7-41F0-A3C0-43495755180A} = {EA57108D-2F33-4DB0-9809-AE3F3DCC2444}
		{96612F6B-A99D-47D4-B49F-9A18D1F052C3} = {EA57108D-2F33-4DB0-9809-AE3F3DCC2444}
		{347B2EC0-8A87-4245-A3FC-1AC56CBE1797} = {0773A1C8-C9CF-4F99-BF11-4D25CFBEC2EC}
		{AE43A665-F083-4385-BEC5-742B5A77A2EB} = {347B2EC0-8A87-4245-A3FC-1AC56CBE1797}
		{26D17211-D347-4197-BB4C-12C8D6E894F5} = {347B2EC0-8A87-4245-A3FC-1AC56CBE1797}
		{F2AEBB54-A3C8-4B7F-8924-CFE417F937FB} = {347B2EC0-8A87-4245-A3FC-1AC56CBE1797}
		{5C3B389C-FEB5-4E4F-B85F-8ABBF17F5B99} = {347B2EC0-8A87-4245-A3FC-1AC56CBE1797}
		{346F74C4-6542-4940-B4ED-FE2CAC144E2F} = {347B2EC0-8A87-4245-A3FC-1AC56CBE1797}
		{9230CE10-5248-4FBB-8704-0A180D359EAA} = {347B2EC0-8A87-4245-A3FC-1AC56CBE1797}
		{97FE4216-E9BA-4DB2-8334-ECB3AF2B538B} = {0773A1C8-C9CF-4F99-BF11-4D25CFBEC2EC}
		{90794A17-5AFB-4CCC-BC69-ACC3D814964D} = {97FE4216-E9BA-4DB2-8334-ECB3AF2B538B}
		{61EBE018-C6AD-4962-A86A-7B831FF296F4} = {97FE4216-E9BA-4DB2-8334-ECB3AF2B538B}
		{3EDEB984-B592-4B30-9130-DD41B857487F} = {0773A1C8-C9CF-4F99-BF11-4D25CFBEC2EC}
		{D16C3FE4-C0D6-43A7-A265-2E8589ADBF6B} = {3EDEB984-B592-4B30-9130-DD41B857487F}
		{D048E97E-B1CD-40AB-BFE6-33168A8224BE} = {3EDEB984-B592-4B30-9130-DD41B857487F}
		{EFBA2026-59FB-4D90-95A3-4C4F9E6861D2} = {3EDEB984-B592-4B30-9130-DD41B857487F}
		{A87C6D2D-3124-4736-A53D-7C98507F9EBC} = {0773A1C8-C9CF-4F99-BF11-4D25CFBEC2EC}
		{3B63D16A-95FE-4E4B-AF72-4AB062900D57} = {A87C6D2D-3124-4736-A53D-7C98507F9EBC}
		{4D438C16-CDAB-48A9-97F2-0337C54353AC} = {5664D8CB-E200-4293-8E29-522CCC786914}
		{E5AC7BED-B604-4E77-9472-895E8433E9D4} = {5664D8CB-E200-4293-8E29-522CCC786914}
		{906A63F2-E8B6-4F50-85F0-844C73C8DCDC} = {5664D8CB-E200-4293-8E29-522CCC786914}
		{21919CB9-E53A-4C67-BFFC-177D6941D2C6} = {4D438C16-CDAB-48A9-97F2-0337C54353AC}
		{BAED7A18-6B05-4BE0-B331-552E221B3150} = {4D438C16-CDAB-48A9-97F2-0337C54353AC}
		{4D5C34A9-6A52-47CC-B57F-1F07CC21BCF7} = {0773A1C8-C9CF-4F99-BF11-4D25CFBEC2EC}
		{80DA1E18-5E91-4B9F-A5B9-16E57E3DB285} = {4D5C34A9-6A52-47CC-B57F-1F07CC21BCF7}
	EndGlobalSection
	GlobalSection(ExtensibilityGlobals) = postSolution
		SolutionGuid = {9006B8A1-C1A9-4AF1-90FF-B54E8A33073B}
	EndGlobalSection
EndGlobal
