
Microsoft Visual Studio Solution File, Format Version 12.00
# Visual Studio Version 16
VisualStudioVersion = 16.0.30128.74
MinimumVisualStudioVersion = 10.0.40219.1
Project("{2150E333-8FDC-42A3-9474-1A3956D46DE8}") = "Context", "Context", "{2B46B252-B596-4A4A-8137-CA7C8A28CBA5}"
EndProject
Project("{FAE04EC0-301F-11D3-BF4B-00C04F79EFBC}") = "DotEngine.Context", "Context\DotEngine.Context\DotEngine.Context.csproj", "{973BA58F-3FD4-4A7D-AEEE-C9E0F135B12A}"
EndProject
Project("{2150E333-8FDC-42A3-9474-1A3956D46DE8}") = "ScriptGenerate", "ScriptGenerate", "{E7920965-0B5B-42B4-ACDF-E18CB3167426}"
EndProject
Project("{FAE04EC0-301F-11D3-BF4B-00C04F79EFBC}") = "DotTool.ScriptGenerate", "ScriptGenerate\DotTool.ScriptGenerate\DotTool.ScriptGenerate.csproj", "{F710F578-3D80-475E-BB1B-1CBB966C7C13}"
EndProject
Project("{FAE04EC0-301F-11D3-BF4B-00C04F79EFBC}") = "ScriptGenerateDemo", "ScriptGenerate\ScriptGenerateDemo\ScriptGenerateDemo.csproj", "{081E7A5B-5EBB-43D7-B332-BE1F8A3CF93C}"
EndProject
Project("{2150E333-8FDC-42A3-9474-1A3956D46DE8}") = "Tools", "Tools", "{E2C792D7-10A7-465C-8FFF-A633E1D76253}"
EndProject
Project("{FAE04EC0-301F-11D3-BF4B-00C04F79EFBC}") = "ObjectDumper", "Others\ObjectDumper\ObjectDumper.csproj", "{EFE3AD4B-A5B5-42D0-8DE6-C4E083F47BBF}"
EndProject
Project("{FAE04EC0-301F-11D3-BF4B-00C04F79EFBC}") = "PriorityQueue", "Others\PriorityQueue\PriorityQueue.csproj", "{ECBDFA0F-FED1-40AB-883D-F4A28245E418}"
EndProject
Project("{FAE04EC0-301F-11D3-BF4B-00C04F79EFBC}") = "Snappy.Net", "Others\Snappy.Net\Snappy.Net.csproj", "{DD329D5D-D18D-4390-99E4-17439E8AD4D7}"
EndProject
Project("{2150E333-8FDC-42A3-9474-1A3956D46DE8}") = "Net", "Net", "{6EF30894-52C7-4541-AF40-052FCE8A8FD2}"
EndProject
Project("{FAE04EC0-301F-11D3-BF4B-00C04F79EFBC}") = "PBConfigTool", "Net\PBConfigTool\PBConfigTool.csproj", "{8F50A017-9945-4F13-BDAC-7243BCE33E0D}"
EndProject
Project("{2150E333-8FDC-42A3-9474-1A3956D46DE8}") = "Log", "Log", "{338F2072-571B-40EB-8E5A-67CFF71EDFF8}"
EndProject
Project("{FAE04EC0-301F-11D3-BF4B-00C04F79EFBC}") = "DotEngine.Log", "Log\DotEngine.Log\DotEngine.Log.csproj", "{0529DF75-4325-42BD-9833-7CC273955C41}"
EndProject
Project("{FAE04EC0-301F-11D3-BF4B-00C04F79EFBC}") = "DotEngine.Net", "Net\DotEngine.Net\DotEngine.Net.csproj", "{509886D7-130C-498E-902A-7198E8FC28FF}"
EndProject
Project("{FAE04EC0-301F-11D3-BF4B-00C04F79EFBC}") = "DotEngine.ULog", "Log\DotEngine.ULog\DotEngine.ULog.csproj", "{C83EE816-83F0-4D5F-A013-212E0DB6EAFA}"
EndProject
Project("{2150E333-8FDC-42A3-9474-1A3956D46DE8}") = "Core", "Core", "{FC5F4340-7D33-49F2-A994-F26583AE7445}"
EndProject
Project("{FAE04EC0-301F-11D3-BF4B-00C04F79EFBC}") = "DotEngine.Core", "Core\DotEngine.Core\DotEngine.Core.csproj", "{5293FF86-548E-44B6-A0DB-948752C6E781}"
EndProject
Project("{FAE04EC0-301F-11D3-BF4B-00C04F79EFBC}") = "DotEngine.UCore", "Core\DotEngine.UCore\DotEngine.UCore.csproj", "{3874D8F3-0496-4DEC-A542-53019D8A9546}"
EndProject
Project("{FAE04EC0-301F-11D3-BF4B-00C04F79EFBC}") = "DotEditor.UCore", "Core\DotEditor.UCore\DotEditor.UCore.csproj", "{64F70386-4390-4AB4-9EE3-9AED7C4A63BF}"
EndProject
Project("{2150E333-8FDC-42A3-9474-1A3956D46DE8}") = "Config", "Config", "{0C894AC4-4E39-4145-8E4C-9B28EA766C00}"
EndProject
Project("{FAE04EC0-301F-11D3-BF4B-00C04F79EFBC}") = "DotEngine.Config", "Config\DotEngine.Config\DotEngine.Config.csproj", "{FEC5EABB-8E53-4B05-9A92-8BD8AA98422E}"
EndProject
Project("{FAE04EC0-301F-11D3-BF4B-00C04F79EFBC}") = "DotEditor.Config", "Config\DotEditor.Config\DotEditor.Config.csproj", "{EA58BEEB-9711-44A1-9991-827823184984}"
EndProject
Global
	GlobalSection(SolutionConfigurationPlatforms) = preSolution
		Debug|Any CPU = Debug|Any CPU
		Release|Any CPU = Release|Any CPU
	EndGlobalSection
	GlobalSection(ProjectConfigurationPlatforms) = postSolution
		{973BA58F-3FD4-4A7D-AEEE-C9E0F135B12A}.Debug|Any CPU.ActiveCfg = Debug|Any CPU
		{973BA58F-3FD4-4A7D-AEEE-C9E0F135B12A}.Debug|Any CPU.Build.0 = Debug|Any CPU
		{973BA58F-3FD4-4A7D-AEEE-C9E0F135B12A}.Release|Any CPU.ActiveCfg = Release|Any CPU
		{973BA58F-3FD4-4A7D-AEEE-C9E0F135B12A}.Release|Any CPU.Build.0 = Release|Any CPU
		{F710F578-3D80-475E-BB1B-1CBB966C7C13}.Debug|Any CPU.ActiveCfg = Debug|Any CPU
		{F710F578-3D80-475E-BB1B-1CBB966C7C13}.Debug|Any CPU.Build.0 = Debug|Any CPU
		{F710F578-3D80-475E-BB1B-1CBB966C7C13}.Release|Any CPU.ActiveCfg = Release|Any CPU
		{F710F578-3D80-475E-BB1B-1CBB966C7C13}.Release|Any CPU.Build.0 = Release|Any CPU
		{081E7A5B-5EBB-43D7-B332-BE1F8A3CF93C}.Debug|Any CPU.ActiveCfg = Debug|Any CPU
		{081E7A5B-5EBB-43D7-B332-BE1F8A3CF93C}.Debug|Any CPU.Build.0 = Debug|Any CPU
		{081E7A5B-5EBB-43D7-B332-BE1F8A3CF93C}.Release|Any CPU.ActiveCfg = Release|Any CPU
		{081E7A5B-5EBB-43D7-B332-BE1F8A3CF93C}.Release|Any CPU.Build.0 = Release|Any CPU
		{EFE3AD4B-A5B5-42D0-8DE6-C4E083F47BBF}.Debug|Any CPU.ActiveCfg = Debug|Any CPU
		{EFE3AD4B-A5B5-42D0-8DE6-C4E083F47BBF}.Debug|Any CPU.Build.0 = Debug|Any CPU
		{EFE3AD4B-A5B5-42D0-8DE6-C4E083F47BBF}.Release|Any CPU.ActiveCfg = Release|Any CPU
		{EFE3AD4B-A5B5-42D0-8DE6-C4E083F47BBF}.Release|Any CPU.Build.0 = Release|Any CPU
		{ECBDFA0F-FED1-40AB-883D-F4A28245E418}.Debug|Any CPU.ActiveCfg = Debug|Any CPU
		{ECBDFA0F-FED1-40AB-883D-F4A28245E418}.Debug|Any CPU.Build.0 = Debug|Any CPU
		{ECBDFA0F-FED1-40AB-883D-F4A28245E418}.Release|Any CPU.ActiveCfg = Release|Any CPU
		{ECBDFA0F-FED1-40AB-883D-F4A28245E418}.Release|Any CPU.Build.0 = Release|Any CPU
		{DD329D5D-D18D-4390-99E4-17439E8AD4D7}.Debug|Any CPU.ActiveCfg = Debug|Any CPU
		{DD329D5D-D18D-4390-99E4-17439E8AD4D7}.Debug|Any CPU.Build.0 = Debug|Any CPU
		{DD329D5D-D18D-4390-99E4-17439E8AD4D7}.Release|Any CPU.ActiveCfg = Release|Any CPU
		{DD329D5D-D18D-4390-99E4-17439E8AD4D7}.Release|Any CPU.Build.0 = Release|Any CPU
		{8F50A017-9945-4F13-BDAC-7243BCE33E0D}.Debug|Any CPU.ActiveCfg = Debug|Any CPU
		{8F50A017-9945-4F13-BDAC-7243BCE33E0D}.Debug|Any CPU.Build.0 = Debug|Any CPU
		{8F50A017-9945-4F13-BDAC-7243BCE33E0D}.Release|Any CPU.ActiveCfg = Release|Any CPU
		{8F50A017-9945-4F13-BDAC-7243BCE33E0D}.Release|Any CPU.Build.0 = Release|Any CPU
		{0529DF75-4325-42BD-9833-7CC273955C41}.Debug|Any CPU.ActiveCfg = Debug|Any CPU
		{0529DF75-4325-42BD-9833-7CC273955C41}.Debug|Any CPU.Build.0 = Debug|Any CPU
		{0529DF75-4325-42BD-9833-7CC273955C41}.Release|Any CPU.ActiveCfg = Release|Any CPU
		{0529DF75-4325-42BD-9833-7CC273955C41}.Release|Any CPU.Build.0 = Release|Any CPU
		{509886D7-130C-498E-902A-7198E8FC28FF}.Debug|Any CPU.ActiveCfg = Debug|Any CPU
		{509886D7-130C-498E-902A-7198E8FC28FF}.Debug|Any CPU.Build.0 = Debug|Any CPU
		{509886D7-130C-498E-902A-7198E8FC28FF}.Release|Any CPU.ActiveCfg = Release|Any CPU
		{509886D7-130C-498E-902A-7198E8FC28FF}.Release|Any CPU.Build.0 = Release|Any CPU
		{C83EE816-83F0-4D5F-A013-212E0DB6EAFA}.Debug|Any CPU.ActiveCfg = Debug|Any CPU
		{C83EE816-83F0-4D5F-A013-212E0DB6EAFA}.Debug|Any CPU.Build.0 = Debug|Any CPU
		{C83EE816-83F0-4D5F-A013-212E0DB6EAFA}.Release|Any CPU.ActiveCfg = Release|Any CPU
		{C83EE816-83F0-4D5F-A013-212E0DB6EAFA}.Release|Any CPU.Build.0 = Release|Any CPU
		{5293FF86-548E-44B6-A0DB-948752C6E781}.Debug|Any CPU.ActiveCfg = Debug|Any CPU
		{5293FF86-548E-44B6-A0DB-948752C6E781}.Debug|Any CPU.Build.0 = Debug|Any CPU
		{5293FF86-548E-44B6-A0DB-948752C6E781}.Release|Any CPU.ActiveCfg = Release|Any CPU
		{5293FF86-548E-44B6-A0DB-948752C6E781}.Release|Any CPU.Build.0 = Release|Any CPU
		{3874D8F3-0496-4DEC-A542-53019D8A9546}.Debug|Any CPU.ActiveCfg = Debug|Any CPU
		{3874D8F3-0496-4DEC-A542-53019D8A9546}.Debug|Any CPU.Build.0 = Debug|Any CPU
		{3874D8F3-0496-4DEC-A542-53019D8A9546}.Release|Any CPU.ActiveCfg = Release|Any CPU
		{3874D8F3-0496-4DEC-A542-53019D8A9546}.Release|Any CPU.Build.0 = Release|Any CPU
		{64F70386-4390-4AB4-9EE3-9AED7C4A63BF}.Debug|Any CPU.ActiveCfg = Debug|Any CPU
		{64F70386-4390-4AB4-9EE3-9AED7C4A63BF}.Debug|Any CPU.Build.0 = Debug|Any CPU
		{64F70386-4390-4AB4-9EE3-9AED7C4A63BF}.Release|Any CPU.ActiveCfg = Release|Any CPU
		{64F70386-4390-4AB4-9EE3-9AED7C4A63BF}.Release|Any CPU.Build.0 = Release|Any CPU
		{FEC5EABB-8E53-4B05-9A92-8BD8AA98422E}.Debug|Any CPU.ActiveCfg = Debug|Any CPU
		{FEC5EABB-8E53-4B05-9A92-8BD8AA98422E}.Debug|Any CPU.Build.0 = Debug|Any CPU
		{FEC5EABB-8E53-4B05-9A92-8BD8AA98422E}.Release|Any CPU.ActiveCfg = Release|Any CPU
		{FEC5EABB-8E53-4B05-9A92-8BD8AA98422E}.Release|Any CPU.Build.0 = Release|Any CPU
		{EA58BEEB-9711-44A1-9991-827823184984}.Debug|Any CPU.ActiveCfg = Debug|Any CPU
		{EA58BEEB-9711-44A1-9991-827823184984}.Debug|Any CPU.Build.0 = Debug|Any CPU
		{EA58BEEB-9711-44A1-9991-827823184984}.Release|Any CPU.ActiveCfg = Release|Any CPU
		{EA58BEEB-9711-44A1-9991-827823184984}.Release|Any CPU.Build.0 = Release|Any CPU
	EndGlobalSection
	GlobalSection(SolutionProperties) = preSolution
		HideSolutionNode = FALSE
	EndGlobalSection
	GlobalSection(NestedProjects) = preSolution
		{973BA58F-3FD4-4A7D-AEEE-C9E0F135B12A} = {2B46B252-B596-4A4A-8137-CA7C8A28CBA5}
		{F710F578-3D80-475E-BB1B-1CBB966C7C13} = {E7920965-0B5B-42B4-ACDF-E18CB3167426}
		{081E7A5B-5EBB-43D7-B332-BE1F8A3CF93C} = {E7920965-0B5B-42B4-ACDF-E18CB3167426}
		{EFE3AD4B-A5B5-42D0-8DE6-C4E083F47BBF} = {E2C792D7-10A7-465C-8FFF-A633E1D76253}
		{ECBDFA0F-FED1-40AB-883D-F4A28245E418} = {E2C792D7-10A7-465C-8FFF-A633E1D76253}
		{DD329D5D-D18D-4390-99E4-17439E8AD4D7} = {E2C792D7-10A7-465C-8FFF-A633E1D76253}
		{8F50A017-9945-4F13-BDAC-7243BCE33E0D} = {6EF30894-52C7-4541-AF40-052FCE8A8FD2}
		{0529DF75-4325-42BD-9833-7CC273955C41} = {338F2072-571B-40EB-8E5A-67CFF71EDFF8}
		{509886D7-130C-498E-902A-7198E8FC28FF} = {6EF30894-52C7-4541-AF40-052FCE8A8FD2}
		{C83EE816-83F0-4D5F-A013-212E0DB6EAFA} = {338F2072-571B-40EB-8E5A-67CFF71EDFF8}
		{5293FF86-548E-44B6-A0DB-948752C6E781} = {FC5F4340-7D33-49F2-A994-F26583AE7445}
		{3874D8F3-0496-4DEC-A542-53019D8A9546} = {FC5F4340-7D33-49F2-A994-F26583AE7445}
		{64F70386-4390-4AB4-9EE3-9AED7C4A63BF} = {FC5F4340-7D33-49F2-A994-F26583AE7445}
		{FEC5EABB-8E53-4B05-9A92-8BD8AA98422E} = {0C894AC4-4E39-4145-8E4C-9B28EA766C00}
		{EA58BEEB-9711-44A1-9991-827823184984} = {0C894AC4-4E39-4145-8E4C-9B28EA766C00}
	EndGlobalSection
	GlobalSection(ExtensibilityGlobals) = postSolution
		SolutionGuid = {0BA826F8-362A-4141-8324-7FD7111E3BBF}
	EndGlobalSection
EndGlobal
