
Microsoft Visual Studio Solution File, Format Version 12.00
# Visual Studio Version 16
VisualStudioVersion = 16.0.30128.74
MinimumVisualStudioVersion = 10.0.40219.1
Project("{2150E333-8FDC-42A3-9474-1A3956D46DE8}") = "Config", "Config", "{D17BA33B-BE22-4072-A99B-C6458E43F245}"
EndProject
Project("{FAE04EC0-301F-11D3-BF4B-00C04F79EFBC}") = "DotTool.ExcelToData", "Config\DotTool.ExcelToData\DotTool.ExcelToData.csproj", "{92A3C239-7338-4F74-977A-7E428D710396}"
EndProject
Project("{FAE04EC0-301F-11D3-BF4B-00C04F79EFBC}") = "ExcelToDataTool", "Config\ExcelToDataTool\ExcelToDataTool.csproj", "{F1BD7EEE-6233-4FC4-89B7-F5E8EAE3C547}"
EndProject
Project("{2150E333-8FDC-42A3-9474-1A3956D46DE8}") = "Context", "Context", "{2B46B252-B596-4A4A-8137-CA7C8A28CBA5}"
EndProject
Project("{FAE04EC0-301F-11D3-BF4B-00C04F79EFBC}") = "DotEngine.Context", "Context\DotEngine.Context\DotEngine.Context.csproj", "{973BA58F-3FD4-4A7D-AEEE-C9E0F135B12A}"
EndProject
Project("{2150E333-8FDC-42A3-9474-1A3956D46DE8}") = "ScriptGenerate", "ScriptGenerate", "{E7920965-0B5B-42B4-ACDF-E18CB3167426}"
EndProject
Project("{FAE04EC0-301F-11D3-BF4B-00C04F79EFBC}") = "DotTool.ScriptGenerate", "ScriptGenerate\DotTool.ScriptGenerate\DotTool.ScriptGenerate.csproj", "{F710F578-3D80-475E-BB1B-1CBB966C7C13}"
EndProject
Project("{FAE04EC0-301F-11D3-BF4B-00C04F79EFBC}") = "ScriptGenerateDemo", "ScriptGenerate\ScriptGenerateDemo\ScriptGenerateDemo.csproj", "{081E7A5B-5EBB-43D7-B332-BE1F8A3CF93C}"
EndProject
Project("{2150E333-8FDC-42A3-9474-1A3956D46DE8}") = "Tools", "Tools", "{E2C792D7-10A7-465C-8FFF-A633E1D76253}"
EndProject
Project("{FAE04EC0-301F-11D3-BF4B-00C04F79EFBC}") = "ObjectDumper", "Others\ObjectDumper\ObjectDumper.csproj", "{EFE3AD4B-A5B5-42D0-8DE6-C4E083F47BBF}"
EndProject
Project("{FAE04EC0-301F-11D3-BF4B-00C04F79EFBC}") = "PriorityQueue", "Others\PriorityQueue\PriorityQueue.csproj", "{ECBDFA0F-FED1-40AB-883D-F4A28245E418}"
EndProject
Project("{FAE04EC0-301F-11D3-BF4B-00C04F79EFBC}") = "Snappy.Net", "Others\Snappy.Net\Snappy.Net.csproj", "{DD329D5D-D18D-4390-99E4-17439E8AD4D7}"
EndProject
Project("{FAE04EC0-301F-11D3-BF4B-00C04F79EFBC}") = "DotEngine.NDB", "Config\DotEngine.NDB\DotEngine.NDB.csproj", "{EB608D38-FCC8-44D1-A37A-0AE0397A32D3}"
EndProject
Global
	GlobalSection(SolutionConfigurationPlatforms) = preSolution
		Debug|Any CPU = Debug|Any CPU
		Release|Any CPU = Release|Any CPU
	EndGlobalSection
	GlobalSection(ProjectConfigurationPlatforms) = postSolution
		{92A3C239-7338-4F74-977A-7E428D710396}.Debug|Any CPU.ActiveCfg = Debug|Any CPU
		{92A3C239-7338-4F74-977A-7E428D710396}.Debug|Any CPU.Build.0 = Debug|Any CPU
		{92A3C239-7338-4F74-977A-7E428D710396}.Release|Any CPU.ActiveCfg = Release|Any CPU
		{92A3C239-7338-4F74-977A-7E428D710396}.Release|Any CPU.Build.0 = Release|Any CPU
		{F1BD7EEE-6233-4FC4-89B7-F5E8EAE3C547}.Debug|Any CPU.ActiveCfg = Debug|Any CPU
		{F1BD7EEE-6233-4FC4-89B7-F5E8EAE3C547}.Debug|Any CPU.Build.0 = Debug|Any CPU
		{F1BD7EEE-6233-4FC4-89B7-F5E8EAE3C547}.Release|Any CPU.ActiveCfg = Release|Any CPU
		{F1BD7EEE-6233-4FC4-89B7-F5E8EAE3C547}.Release|Any CPU.Build.0 = Release|Any CPU
		{973BA58F-3FD4-4A7D-AEEE-C9E0F135B12A}.Debug|Any CPU.ActiveCfg = Debug|Any CPU
		{973BA58F-3FD4-4A7D-AEEE-C9E0F135B12A}.Debug|Any CPU.Build.0 = Debug|Any CPU
		{973BA58F-3FD4-4A7D-AEEE-C9E0F135B12A}.Release|Any CPU.ActiveCfg = Release|Any CPU
		{973BA58F-3FD4-4A7D-AEEE-C9E0F135B12A}.Release|Any CPU.Build.0 = Release|Any CPU
		{F710F578-3D80-475E-BB1B-1CBB966C7C13}.Debug|Any CPU.ActiveCfg = Debug|Any CPU
		{F710F578-3D80-475E-BB1B-1CBB966C7C13}.Debug|Any CPU.Build.0 = Debug|Any CPU
		{F710F578-3D80-475E-BB1B-1CBB966C7C13}.Release|Any CPU.ActiveCfg = Release|Any CPU
		{F710F578-3D80-475E-BB1B-1CBB966C7C13}.Release|Any CPU.Build.0 = Release|Any CPU
		{081E7A5B-5EBB-43D7-B332-BE1F8A3CF93C}.Debug|Any CPU.ActiveCfg = Debug|Any CPU
		{081E7A5B-5EBB-43D7-B332-BE1F8A3CF93C}.Debug|Any CPU.Build.0 = Debug|Any CPU
		{081E7A5B-5EBB-43D7-B332-BE1F8A3CF93C}.Release|Any CPU.ActiveCfg = Release|Any CPU
		{081E7A5B-5EBB-43D7-B332-BE1F8A3CF93C}.Release|Any CPU.Build.0 = Release|Any CPU
		{EFE3AD4B-A5B5-42D0-8DE6-C4E083F47BBF}.Debug|Any CPU.ActiveCfg = Debug|Any CPU
		{EFE3AD4B-A5B5-42D0-8DE6-C4E083F47BBF}.Debug|Any CPU.Build.0 = Debug|Any CPU
		{EFE3AD4B-A5B5-42D0-8DE6-C4E083F47BBF}.Release|Any CPU.ActiveCfg = Release|Any CPU
		{EFE3AD4B-A5B5-42D0-8DE6-C4E083F47BBF}.Release|Any CPU.Build.0 = Release|Any CPU
		{ECBDFA0F-FED1-40AB-883D-F4A28245E418}.Debug|Any CPU.ActiveCfg = Debug|Any CPU
		{ECBDFA0F-FED1-40AB-883D-F4A28245E418}.Debug|Any CPU.Build.0 = Debug|Any CPU
		{ECBDFA0F-FED1-40AB-883D-F4A28245E418}.Release|Any CPU.ActiveCfg = Release|Any CPU
		{ECBDFA0F-FED1-40AB-883D-F4A28245E418}.Release|Any CPU.Build.0 = Release|Any CPU
		{DD329D5D-D18D-4390-99E4-17439E8AD4D7}.Debug|Any CPU.ActiveCfg = Debug|Any CPU
		{DD329D5D-D18D-4390-99E4-17439E8AD4D7}.Debug|Any CPU.Build.0 = Debug|Any CPU
		{DD329D5D-D18D-4390-99E4-17439E8AD4D7}.Release|Any CPU.ActiveCfg = Release|Any CPU
		{DD329D5D-D18D-4390-99E4-17439E8AD4D7}.Release|Any CPU.Build.0 = Release|Any CPU
		{EB608D38-FCC8-44D1-A37A-0AE0397A32D3}.Debug|Any CPU.ActiveCfg = Debug|Any CPU
		{EB608D38-FCC8-44D1-A37A-0AE0397A32D3}.Debug|Any CPU.Build.0 = Debug|Any CPU
		{EB608D38-FCC8-44D1-A37A-0AE0397A32D3}.Release|Any CPU.ActiveCfg = Release|Any CPU
		{EB608D38-FCC8-44D1-A37A-0AE0397A32D3}.Release|Any CPU.Build.0 = Release|Any CPU
	EndGlobalSection
	GlobalSection(SolutionProperties) = preSolution
		HideSolutionNode = FALSE
	EndGlobalSection
	GlobalSection(NestedProjects) = preSolution
		{92A3C239-7338-4F74-977A-7E428D710396} = {D17BA33B-BE22-4072-A99B-C6458E43F245}
		{F1BD7EEE-6233-4FC4-89B7-F5E8EAE3C547} = {D17BA33B-BE22-4072-A99B-C6458E43F245}
		{973BA58F-3FD4-4A7D-AEEE-C9E0F135B12A} = {2B46B252-B596-4A4A-8137-CA7C8A28CBA5}
		{F710F578-3D80-475E-BB1B-1CBB966C7C13} = {E7920965-0B5B-42B4-ACDF-E18CB3167426}
		{081E7A5B-5EBB-43D7-B332-BE1F8A3CF93C} = {E7920965-0B5B-42B4-ACDF-E18CB3167426}
		{EFE3AD4B-A5B5-42D0-8DE6-C4E083F47BBF} = {E2C792D7-10A7-465C-8FFF-A633E1D76253}
		{ECBDFA0F-FED1-40AB-883D-F4A28245E418} = {E2C792D7-10A7-465C-8FFF-A633E1D76253}
		{DD329D5D-D18D-4390-99E4-17439E8AD4D7} = {E2C792D7-10A7-465C-8FFF-A633E1D76253}
		{EB608D38-FCC8-44D1-A37A-0AE0397A32D3} = {D17BA33B-BE22-4072-A99B-C6458E43F245}
	EndGlobalSection
	GlobalSection(ExtensibilityGlobals) = postSolution
		SolutionGuid = {0BA826F8-362A-4141-8324-7FD7111E3BBF}
	EndGlobalSection
EndGlobal
